// !$*UTF8*$!
{
	archiveVersion = 1;
	classes = {
	};
	objectVersion = 46;
	objects = {

/* Begin PBXBuildFile section */
		2A06DBFD1F5D967900824E62 /* GoogleService-Info.plist in Resources */ = {isa = PBXBuildFile; fileRef = 2A06DBFC1F5D967900824E62 /* GoogleService-Info.plist */; };
		2A06DBFF1F5DA4AE00824E62 /* LoginVC.swift in Sources */ = {isa = PBXBuildFile; fileRef = 2A06DBFE1F5DA4AE00824E62 /* LoginVC.swift */; };
		2A06DC011F5DA6BA00824E62 /* EmailLoginVC.swift in Sources */ = {isa = PBXBuildFile; fileRef = 2A06DC001F5DA6BA00824E62 /* EmailLoginVC.swift */; };
		2A06DC131F5DE18900824E62 /* Nunito-Black.ttf in Resources */ = {isa = PBXBuildFile; fileRef = 2A06DC041F5DE18900824E62 /* Nunito-Black.ttf */; };
		2A06DC141F5DE18900824E62 /* Nunito-BlackItalic.ttf in Resources */ = {isa = PBXBuildFile; fileRef = 2A06DC051F5DE18900824E62 /* Nunito-BlackItalic.ttf */; };
		2A06DC151F5DE18900824E62 /* Nunito-Bold.ttf in Resources */ = {isa = PBXBuildFile; fileRef = 2A06DC061F5DE18900824E62 /* Nunito-Bold.ttf */; };
		2A06DC161F5DE18900824E62 /* Nunito-BoldItalic.ttf in Resources */ = {isa = PBXBuildFile; fileRef = 2A06DC071F5DE18900824E62 /* Nunito-BoldItalic.ttf */; };
		2A06DC171F5DE18900824E62 /* Nunito-ExtraBold.ttf in Resources */ = {isa = PBXBuildFile; fileRef = 2A06DC081F5DE18900824E62 /* Nunito-ExtraBold.ttf */; };
		2A06DC181F5DE18900824E62 /* Nunito-ExtraBoldItalic.ttf in Resources */ = {isa = PBXBuildFile; fileRef = 2A06DC091F5DE18900824E62 /* Nunito-ExtraBoldItalic.ttf */; };
		2A06DC191F5DE18900824E62 /* Nunito-ExtraLight.ttf in Resources */ = {isa = PBXBuildFile; fileRef = 2A06DC0A1F5DE18900824E62 /* Nunito-ExtraLight.ttf */; };
		2A06DC1A1F5DE18900824E62 /* Nunito-ExtraLightItalic.ttf in Resources */ = {isa = PBXBuildFile; fileRef = 2A06DC0B1F5DE18900824E62 /* Nunito-ExtraLightItalic.ttf */; };
		2A06DC1B1F5DE18900824E62 /* Nunito-Italic.ttf in Resources */ = {isa = PBXBuildFile; fileRef = 2A06DC0C1F5DE18900824E62 /* Nunito-Italic.ttf */; };
		2A06DC1C1F5DE18900824E62 /* Nunito-Light.ttf in Resources */ = {isa = PBXBuildFile; fileRef = 2A06DC0D1F5DE18900824E62 /* Nunito-Light.ttf */; };
		2A06DC1D1F5DE18900824E62 /* Nunito-LightItalic.ttf in Resources */ = {isa = PBXBuildFile; fileRef = 2A06DC0E1F5DE18900824E62 /* Nunito-LightItalic.ttf */; };
		2A06DC1E1F5DE18900824E62 /* Nunito-Regular.ttf in Resources */ = {isa = PBXBuildFile; fileRef = 2A06DC0F1F5DE18900824E62 /* Nunito-Regular.ttf */; };
		2A06DC1F1F5DE18900824E62 /* Nunito-SemiBold.ttf in Resources */ = {isa = PBXBuildFile; fileRef = 2A06DC101F5DE18900824E62 /* Nunito-SemiBold.ttf */; };
		2A06DC201F5DE18900824E62 /* Nunito-SemiBoldItalic.ttf in Resources */ = {isa = PBXBuildFile; fileRef = 2A06DC111F5DE18900824E62 /* Nunito-SemiBoldItalic.ttf */; };
		2A2B4D351F86A5D400D98F78 /* CoreLocation.framework in Frameworks */ = {isa = PBXBuildFile; fileRef = 2A2B4D341F86A5D400D98F78 /* CoreLocation.framework */; };
		2A2B4D371F86A5DF00D98F78 /* MapKit.framework in Frameworks */ = {isa = PBXBuildFile; fileRef = 2A2B4D361F86A5DF00D98F78 /* MapKit.framework */; };
		2A2B4D391F86A60B00D98F78 /* AddressBookUI.framework in Frameworks */ = {isa = PBXBuildFile; fileRef = 2A2B4D381F86A60B00D98F78 /* AddressBookUI.framework */; };
		2A2B4D3B1F86A64200D98F78 /* Map.storyboard in Resources */ = {isa = PBXBuildFile; fileRef = 2A2B4D3A1F86A64200D98F78 /* Map.storyboard */; };
		2A2B4D3D1F86A6F500D98F78 /* MapVC.swift in Sources */ = {isa = PBXBuildFile; fileRef = 2A2B4D3C1F86A6F500D98F78 /* MapVC.swift */; };
		2A2B4D3F1F86B13300D98F78 /* FirebaseController.swift in Sources */ = {isa = PBXBuildFile; fileRef = 2A2B4D3E1F86B13300D98F78 /* FirebaseController.swift */; };
		2A4F57751F76BC7E0043A231 /* ExploreVC.swift in Sources */ = {isa = PBXBuildFile; fileRef = 2A4F57741F76BC7E0043A231 /* ExploreVC.swift */; };
		2A4F57781F76BCB40043A231 /* ExploreSectionHeaderView.swift in Sources */ = {isa = PBXBuildFile; fileRef = 2A4F57761F76BCB40043A231 /* ExploreSectionHeaderView.swift */; };
		2A4F57791F76BCB40043A231 /* ExploreSectionHeaderView.xib in Resources */ = {isa = PBXBuildFile; fileRef = 2A4F57771F76BCB40043A231 /* ExploreSectionHeaderView.xib */; };
		2A4F577B1F76BD090043A231 /* CategoryRowCell.swift in Sources */ = {isa = PBXBuildFile; fileRef = 2A4F577A1F76BD090043A231 /* CategoryRowCell.swift */; };
		2A5BEEE61F75465F00D5009C /* ProfileVC.swift in Sources */ = {isa = PBXBuildFile; fileRef = 2A5BEEE51F75465F00D5009C /* ProfileVC.swift */; };
		2A7CFF191F6AD78000434E2D /* Home.storyboard in Resources */ = {isa = PBXBuildFile; fileRef = 2A7CFF181F6AD78000434E2D /* Home.storyboard */; };
		2A7CFF1B1F6B09AB00434E2D /* Explore.storyboard in Resources */ = {isa = PBXBuildFile; fileRef = 2A7CFF1A1F6B09AB00434E2D /* Explore.storyboard */; };
		2A7CFF1D1F6B0BBA00434E2D /* Camera.storyboard in Resources */ = {isa = PBXBuildFile; fileRef = 2A7CFF1C1F6B0BBA00434E2D /* Camera.storyboard */; };
		2A7CFF1F1F6B0BC700434E2D /* Notifications.storyboard in Resources */ = {isa = PBXBuildFile; fileRef = 2A7CFF1E1F6B0BC700434E2D /* Notifications.storyboard */; };
		2A7CFF211F6B0BD300434E2D /* Profile.storyboard in Resources */ = {isa = PBXBuildFile; fileRef = 2A7CFF201F6B0BD300434E2D /* Profile.storyboard */; };
		2A7CFF231F6B140800434E2D /* TabBarVC.swift in Sources */ = {isa = PBXBuildFile; fileRef = 2A7CFF221F6B140800434E2D /* TabBarVC.swift */; };
		2A9A8BF41F71B913002F48A9 /* PhotoPreviewVC.swift in Sources */ = {isa = PBXBuildFile; fileRef = 2A9A8BF31F71B913002F48A9 /* PhotoPreviewVC.swift */; };
		2A9AFA4A1F4F4DC600B86F49 /* AppDelegate.swift in Sources */ = {isa = PBXBuildFile; fileRef = 2A9AFA491F4F4DC600B86F49 /* AppDelegate.swift */; };
		2A9AFA4F1F4F4DC600B86F49 /* Main.storyboard in Resources */ = {isa = PBXBuildFile; fileRef = 2A9AFA4D1F4F4DC600B86F49 /* Main.storyboard */; };
		2A9AFA511F4F4DC600B86F49 /* Assets.xcassets in Resources */ = {isa = PBXBuildFile; fileRef = 2A9AFA501F4F4DC600B86F49 /* Assets.xcassets */; };
		2A9AFA541F4F4DC600B86F49 /* LaunchScreen.storyboard in Resources */ = {isa = PBXBuildFile; fileRef = 2A9AFA521F4F4DC600B86F49 /* LaunchScreen.storyboard */; };
		2AA77A981F85617F009C2625 /* UserController.swift in Sources */ = {isa = PBXBuildFile; fileRef = 2AA77A971F85617F009C2625 /* UserController.swift */; };
		2AA77A9A1F8561DD009C2625 /* User.swift in Sources */ = {isa = PBXBuildFile; fileRef = 2AA77A991F8561DD009C2625 /* User.swift */; };
		2AA77A9C1F8562CF009C2625 /* Validator.swift in Sources */ = {isa = PBXBuildFile; fileRef = 2AA77A9B1F8562CF009C2625 /* Validator.swift */; };
		2AA77A9E1F856866009C2625 /* UserDefaults.swift in Sources */ = {isa = PBXBuildFile; fileRef = 2AA77A9D1F856866009C2625 /* UserDefaults.swift */; };
		2AABB6FA1F70536300BF3432 /* InboxCell.swift in Sources */ = {isa = PBXBuildFile; fileRef = 2AABB6F91F70536300BF3432 /* InboxCell.swift */; };
		2AABB6FC1F70544600BF3432 /* InboxVC.swift in Sources */ = {isa = PBXBuildFile; fileRef = 2AABB6FB1F70544600BF3432 /* InboxVC.swift */; };
		2AABB7011F7055EF00BF3432 /* InboxItem.swift in Sources */ = {isa = PBXBuildFile; fileRef = 2AABB7001F7055EF00BF3432 /* InboxItem.swift */; };
		2AAE36131F5EF38400FDEA96 /* ExistingAccountPWInputVC.swift in Sources */ = {isa = PBXBuildFile; fileRef = 2AAE36121F5EF38400FDEA96 /* ExistingAccountPWInputVC.swift */; };
		2AAE36151F5EF3C100FDEA96 /* NewAccountPWInputVC.swift in Sources */ = {isa = PBXBuildFile; fileRef = 2AAE36141F5EF3C100FDEA96 /* NewAccountPWInputVC.swift */; };
		2AAE36171F5F026800FDEA96 /* CreateUsernameVC.swift in Sources */ = {isa = PBXBuildFile; fileRef = 2AAE36161F5F026800FDEA96 /* CreateUsernameVC.swift */; };
		2AAE36191F6046C800FDEA96 /* AddFBFriendsVC.swift in Sources */ = {isa = PBXBuildFile; fileRef = 2AAE36181F6046C800FDEA96 /* AddFBFriendsVC.swift */; };
		2AAE361C1F604CE000FDEA96 /* FBFriendCell.swift in Sources */ = {isa = PBXBuildFile; fileRef = 2AAE361B1F604CE000FDEA96 /* FBFriendCell.swift */; };
		2AAE36521F60510D00FDEA96 /* HeroAnimatorViewContext.swift in Sources */ = {isa = PBXBuildFile; fileRef = 2AAE361F1F60510D00FDEA96 /* HeroAnimatorViewContext.swift */; };
		2AAE36531F60510D00FDEA96 /* HeroCoreAnimationViewContext.swift in Sources */ = {isa = PBXBuildFile; fileRef = 2AAE36201F60510D00FDEA96 /* HeroCoreAnimationViewContext.swift */; };
		2AAE36541F60510D00FDEA96 /* HeroDefaultAnimator.swift in Sources */ = {isa = PBXBuildFile; fileRef = 2AAE36211F60510D00FDEA96 /* HeroDefaultAnimator.swift */; };
		2AAE36551F60510D00FDEA96 /* HeroViewPropertyViewContext.swift in Sources */ = {isa = PBXBuildFile; fileRef = 2AAE36221F60510D00FDEA96 /* HeroViewPropertyViewContext.swift */; };
		2AAE36561F60510D00FDEA96 /* HeroDebugPlugin.swift in Sources */ = {isa = PBXBuildFile; fileRef = 2AAE36241F60510D00FDEA96 /* HeroDebugPlugin.swift */; };
		2AAE36571F60510D00FDEA96 /* HeroDebugView.swift in Sources */ = {isa = PBXBuildFile; fileRef = 2AAE36251F60510D00FDEA96 /* HeroDebugView.swift */; };
		2AAE36581F60510D00FDEA96 /* Array+HeroModifier.swift in Sources */ = {isa = PBXBuildFile; fileRef = 2AAE36271F60510D00FDEA96 /* Array+HeroModifier.swift */; };
		2AAE36591F60510D00FDEA96 /* CALayer+Hero.swift in Sources */ = {isa = PBXBuildFile; fileRef = 2AAE36281F60510D00FDEA96 /* CALayer+Hero.swift */; };
		2AAE365A1F60510D00FDEA96 /* CAMediaTimingFunction+Hero.swift in Sources */ = {isa = PBXBuildFile; fileRef = 2AAE36291F60510D00FDEA96 /* CAMediaTimingFunction+Hero.swift */; };
		2AAE365B1F60510D00FDEA96 /* CG+Hero.swift in Sources */ = {isa = PBXBuildFile; fileRef = 2AAE362A1F60510D00FDEA96 /* CG+Hero.swift */; };
		2AAE365C1F60510D00FDEA96 /* DispatchQueue+Hero.swift in Sources */ = {isa = PBXBuildFile; fileRef = 2AAE362B1F60510D00FDEA96 /* DispatchQueue+Hero.swift */; };
		2AAE365D1F60510D00FDEA96 /* UIKit+Hero.swift in Sources */ = {isa = PBXBuildFile; fileRef = 2AAE362C1F60510D00FDEA96 /* UIKit+Hero.swift */; };
		2AAE365E1F60510D00FDEA96 /* UIView+Hero.swift in Sources */ = {isa = PBXBuildFile; fileRef = 2AAE362D1F60510D00FDEA96 /* UIView+Hero.swift */; };
		2AAE365F1F60510D00FDEA96 /* UIViewController+Hero.swift in Sources */ = {isa = PBXBuildFile; fileRef = 2AAE362E1F60510D00FDEA96 /* UIViewController+Hero.swift */; };
		2AAE36601F60510D00FDEA96 /* HeroContext.swift in Sources */ = {isa = PBXBuildFile; fileRef = 2AAE36301F60510D00FDEA96 /* HeroContext.swift */; };
		2AAE36611F60510D00FDEA96 /* HeroModifier+HeroStringConvertible.swift in Sources */ = {isa = PBXBuildFile; fileRef = 2AAE36311F60510D00FDEA96 /* HeroModifier+HeroStringConvertible.swift */; };
		2AAE36621F60510D00FDEA96 /* HeroModifier.swift in Sources */ = {isa = PBXBuildFile; fileRef = 2AAE36321F60510D00FDEA96 /* HeroModifier.swift */; };
		2AAE36631F60510D00FDEA96 /* HeroPlugin.swift in Sources */ = {isa = PBXBuildFile; fileRef = 2AAE36331F60510D00FDEA96 /* HeroPlugin.swift */; };
		2AAE36641F60510D00FDEA96 /* HeroTargetState.swift in Sources */ = {isa = PBXBuildFile; fileRef = 2AAE36341F60510D00FDEA96 /* HeroTargetState.swift */; };
		2AAE36651F60510D00FDEA96 /* HeroTypes.swift in Sources */ = {isa = PBXBuildFile; fileRef = 2AAE36351F60510D00FDEA96 /* HeroTypes.swift */; };
		2AAE36661F60510D00FDEA96 /* HeroViewControllerDelegate.swift in Sources */ = {isa = PBXBuildFile; fileRef = 2AAE36361F60510D00FDEA96 /* HeroViewControllerDelegate.swift */; };
		2AAE36671F60510D00FDEA96 /* Info.plist in Resources */ = {isa = PBXBuildFile; fileRef = 2AAE36371F60510D00FDEA96 /* Info.plist */; };
		2AAE36681F60510D00FDEA96 /* HeroStringConvertible.swift in Sources */ = {isa = PBXBuildFile; fileRef = 2AAE36391F60510D00FDEA96 /* HeroStringConvertible.swift */; };
		2AAE36691F60510D00FDEA96 /* Lexer.swift in Sources */ = {isa = PBXBuildFile; fileRef = 2AAE363A1F60510D00FDEA96 /* Lexer.swift */; };
		2AAE366A1F60510D00FDEA96 /* Nodes.swift in Sources */ = {isa = PBXBuildFile; fileRef = 2AAE363B1F60510D00FDEA96 /* Nodes.swift */; };
		2AAE366B1F60510D00FDEA96 /* Parser.swift in Sources */ = {isa = PBXBuildFile; fileRef = 2AAE363C1F60510D00FDEA96 /* Parser.swift */; };
		2AAE366C1F60510D00FDEA96 /* Regex.swift in Sources */ = {isa = PBXBuildFile; fileRef = 2AAE363D1F60510D00FDEA96 /* Regex.swift */; };
		2AAE366D1F60510D00FDEA96 /* BasePreprocessor.swift in Sources */ = {isa = PBXBuildFile; fileRef = 2AAE363F1F60510D00FDEA96 /* BasePreprocessor.swift */; };
		2AAE366E1F60510D00FDEA96 /* CascadePreprocessor.swift in Sources */ = {isa = PBXBuildFile; fileRef = 2AAE36401F60510D00FDEA96 /* CascadePreprocessor.swift */; };
		2AAE366F1F60510D00FDEA96 /* ConditionalPreprocessor.swift in Sources */ = {isa = PBXBuildFile; fileRef = 2AAE36411F60510D00FDEA96 /* ConditionalPreprocessor.swift */; };
		2AAE36701F60510D00FDEA96 /* DefaultAnimationPreprocessor.swift in Sources */ = {isa = PBXBuildFile; fileRef = 2AAE36421F60510D00FDEA96 /* DefaultAnimationPreprocessor.swift */; };
		2AAE36711F60510D00FDEA96 /* IgnoreSubviewModifiersPreprocessor.swift in Sources */ = {isa = PBXBuildFile; fileRef = 2AAE36431F60510D00FDEA96 /* IgnoreSubviewModifiersPreprocessor.swift */; };
		2AAE36721F60510D00FDEA96 /* MatchPreprocessor.swift in Sources */ = {isa = PBXBuildFile; fileRef = 2AAE36441F60510D00FDEA96 /* MatchPreprocessor.swift */; };
		2AAE36731F60510D00FDEA96 /* SourcePreprocessor.swift in Sources */ = {isa = PBXBuildFile; fileRef = 2AAE36451F60510D00FDEA96 /* SourcePreprocessor.swift */; };
		2AAE36741F60510D00FDEA96 /* HeroProgressRunner.swift in Sources */ = {isa = PBXBuildFile; fileRef = 2AAE36471F60510D00FDEA96 /* HeroProgressRunner.swift */; };
		2AAE36751F60510D00FDEA96 /* HeroTransition+Animate.swift in Sources */ = {isa = PBXBuildFile; fileRef = 2AAE36481F60510D00FDEA96 /* HeroTransition+Animate.swift */; };
		2AAE36761F60510D00FDEA96 /* HeroTransition+Complete.swift in Sources */ = {isa = PBXBuildFile; fileRef = 2AAE36491F60510D00FDEA96 /* HeroTransition+Complete.swift */; };
		2AAE36771F60510D00FDEA96 /* HeroTransition+CustomTransition.swift in Sources */ = {isa = PBXBuildFile; fileRef = 2AAE364A1F60510D00FDEA96 /* HeroTransition+CustomTransition.swift */; };
		2AAE36781F60510D00FDEA96 /* HeroTransition+Interactive.swift in Sources */ = {isa = PBXBuildFile; fileRef = 2AAE364B1F60510D00FDEA96 /* HeroTransition+Interactive.swift */; };
		2AAE36791F60510D00FDEA96 /* HeroTransition+Start.swift in Sources */ = {isa = PBXBuildFile; fileRef = 2AAE364C1F60510D00FDEA96 /* HeroTransition+Start.swift */; };
		2AAE367A1F60510D00FDEA96 /* HeroTransition+UINavigationControllerDelegate.swift in Sources */ = {isa = PBXBuildFile; fileRef = 2AAE364D1F60510D00FDEA96 /* HeroTransition+UINavigationControllerDelegate.swift */; };
		2AAE367B1F60510D00FDEA96 /* HeroTransition+UITabBarControllerDelegate.swift in Sources */ = {isa = PBXBuildFile; fileRef = 2AAE364E1F60510D00FDEA96 /* HeroTransition+UITabBarControllerDelegate.swift */; };
		2AAE367C1F60510D00FDEA96 /* HeroTransition+UIViewControllerTransitioningDelegate.swift in Sources */ = {isa = PBXBuildFile; fileRef = 2AAE364F1F60510D00FDEA96 /* HeroTransition+UIViewControllerTransitioningDelegate.swift */; };
		2AAE367D1F60510D00FDEA96 /* HeroTransition.swift in Sources */ = {isa = PBXBuildFile; fileRef = 2AAE36501F60510D00FDEA96 /* HeroTransition.swift */; };
		2AAE367E1F60510D00FDEA96 /* HeroTransitionState.swift in Sources */ = {isa = PBXBuildFile; fileRef = 2AAE36511F60510D00FDEA96 /* HeroTransitionState.swift */; };
		2AC581C21F71A3C8006312DE /* CameraVC.swift in Sources */ = {isa = PBXBuildFile; fileRef = 2AC581C11F71A3C8006312DE /* CameraVC.swift */; };
		2ACF56671F7AA2CB007689D9 /* ThumbnailCell.swift in Sources */ = {isa = PBXBuildFile; fileRef = 2ACF56651F7AA2CB007689D9 /* ThumbnailCell.swift */; };
		2ACF56681F7AA2CB007689D9 /* ThumbnailCell.xib in Resources */ = {isa = PBXBuildFile; fileRef = 2ACF56661F7AA2CB007689D9 /* ThumbnailCell.xib */; };
		2ACF566A1F7AA933007689D9 /* StartAMovementCell.swift in Sources */ = {isa = PBXBuildFile; fileRef = 2ACF56691F7AA933007689D9 /* StartAMovementCell.swift */; };
		2ACF566C1F7AB06F007689D9 /* Constant.swift in Sources */ = {isa = PBXBuildFile; fileRef = 2ACF566B1F7AB06F007689D9 /* Constant.swift */; };
		2ACF566E1F7AB9DE007689D9 /* NotificationsVC.swift in Sources */ = {isa = PBXBuildFile; fileRef = 2ACF566D1F7AB9DE007689D9 /* NotificationsVC.swift */; };
		2ACF56701F7ABA16007689D9 /* NotificationCell.swift in Sources */ = {isa = PBXBuildFile; fileRef = 2ACF566F1F7ABA16007689D9 /* NotificationCell.swift */; };
		2AD3C01F1F6C218400F17E97 /* HomeVC.swift in Sources */ = {isa = PBXBuildFile; fileRef = 2AD3C01E1F6C218400F17E97 /* HomeVC.swift */; };
		2AD3C8151F61ABC700DD16D3 /* ConnectOrSkipVC.swift in Sources */ = {isa = PBXBuildFile; fileRef = 2AD3C8141F61ABC700DD16D3 /* ConnectOrSkipVC.swift */; };
		2AD3C8171F61B3CE00DD16D3 /* Extensions.swift in Sources */ = {isa = PBXBuildFile; fileRef = 2AD3C8161F61B3CE00DD16D3 /* Extensions.swift */; };
		2C92C96832E4CC561850D46E /* Pods_Telepic.framework in Frameworks */ = {isa = PBXBuildFile; fileRef = C5541979CB7346D8B9127109 /* Pods_Telepic.framework */; };
/* End PBXBuildFile section */

/* Begin PBXFileReference section */
		2A06DBFC1F5D967900824E62 /* GoogleService-Info.plist */ = {isa = PBXFileReference; fileEncoding = 4; lastKnownFileType = text.plist.xml; path = "GoogleService-Info.plist"; sourceTree = "<group>"; };
		2A06DBFE1F5DA4AE00824E62 /* LoginVC.swift */ = {isa = PBXFileReference; fileEncoding = 4; lastKnownFileType = sourcecode.swift; path = LoginVC.swift; sourceTree = "<group>"; };
		2A06DC001F5DA6BA00824E62 /* EmailLoginVC.swift */ = {isa = PBXFileReference; fileEncoding = 4; lastKnownFileType = sourcecode.swift; path = EmailLoginVC.swift; sourceTree = "<group>"; };
		2A06DC041F5DE18900824E62 /* Nunito-Black.ttf */ = {isa = PBXFileReference; lastKnownFileType = file; path = "Nunito-Black.ttf"; sourceTree = "<group>"; };
		2A06DC051F5DE18900824E62 /* Nunito-BlackItalic.ttf */ = {isa = PBXFileReference; lastKnownFileType = file; path = "Nunito-BlackItalic.ttf"; sourceTree = "<group>"; };
		2A06DC061F5DE18900824E62 /* Nunito-Bold.ttf */ = {isa = PBXFileReference; lastKnownFileType = file; path = "Nunito-Bold.ttf"; sourceTree = "<group>"; };
		2A06DC071F5DE18900824E62 /* Nunito-BoldItalic.ttf */ = {isa = PBXFileReference; lastKnownFileType = file; path = "Nunito-BoldItalic.ttf"; sourceTree = "<group>"; };
		2A06DC081F5DE18900824E62 /* Nunito-ExtraBold.ttf */ = {isa = PBXFileReference; lastKnownFileType = file; path = "Nunito-ExtraBold.ttf"; sourceTree = "<group>"; };
		2A06DC091F5DE18900824E62 /* Nunito-ExtraBoldItalic.ttf */ = {isa = PBXFileReference; lastKnownFileType = file; path = "Nunito-ExtraBoldItalic.ttf"; sourceTree = "<group>"; };
		2A06DC0A1F5DE18900824E62 /* Nunito-ExtraLight.ttf */ = {isa = PBXFileReference; lastKnownFileType = file; path = "Nunito-ExtraLight.ttf"; sourceTree = "<group>"; };
		2A06DC0B1F5DE18900824E62 /* Nunito-ExtraLightItalic.ttf */ = {isa = PBXFileReference; lastKnownFileType = file; path = "Nunito-ExtraLightItalic.ttf"; sourceTree = "<group>"; };
		2A06DC0C1F5DE18900824E62 /* Nunito-Italic.ttf */ = {isa = PBXFileReference; lastKnownFileType = file; path = "Nunito-Italic.ttf"; sourceTree = "<group>"; };
		2A06DC0D1F5DE18900824E62 /* Nunito-Light.ttf */ = {isa = PBXFileReference; lastKnownFileType = file; path = "Nunito-Light.ttf"; sourceTree = "<group>"; };
		2A06DC0E1F5DE18900824E62 /* Nunito-LightItalic.ttf */ = {isa = PBXFileReference; lastKnownFileType = file; path = "Nunito-LightItalic.ttf"; sourceTree = "<group>"; };
		2A06DC0F1F5DE18900824E62 /* Nunito-Regular.ttf */ = {isa = PBXFileReference; lastKnownFileType = file; path = "Nunito-Regular.ttf"; sourceTree = "<group>"; };
		2A06DC101F5DE18900824E62 /* Nunito-SemiBold.ttf */ = {isa = PBXFileReference; lastKnownFileType = file; path = "Nunito-SemiBold.ttf"; sourceTree = "<group>"; };
		2A06DC111F5DE18900824E62 /* Nunito-SemiBoldItalic.ttf */ = {isa = PBXFileReference; lastKnownFileType = file; path = "Nunito-SemiBoldItalic.ttf"; sourceTree = "<group>"; };
		2A2B4D341F86A5D400D98F78 /* CoreLocation.framework */ = {isa = PBXFileReference; lastKnownFileType = wrapper.framework; name = CoreLocation.framework; path = System/Library/Frameworks/CoreLocation.framework; sourceTree = SDKROOT; };
		2A2B4D361F86A5DF00D98F78 /* MapKit.framework */ = {isa = PBXFileReference; lastKnownFileType = wrapper.framework; name = MapKit.framework; path = System/Library/Frameworks/MapKit.framework; sourceTree = SDKROOT; };
		2A2B4D381F86A60B00D98F78 /* AddressBookUI.framework */ = {isa = PBXFileReference; lastKnownFileType = wrapper.framework; name = AddressBookUI.framework; path = System/Library/Frameworks/AddressBookUI.framework; sourceTree = SDKROOT; };
		2A2B4D3A1F86A64200D98F78 /* Map.storyboard */ = {isa = PBXFileReference; lastKnownFileType = file.storyboard; path = Map.storyboard; sourceTree = "<group>"; };
		2A2B4D3C1F86A6F500D98F78 /* MapVC.swift */ = {isa = PBXFileReference; lastKnownFileType = sourcecode.swift; path = MapVC.swift; sourceTree = "<group>"; };
		2A2B4D3E1F86B13300D98F78 /* FirebaseController.swift */ = {isa = PBXFileReference; lastKnownFileType = sourcecode.swift; path = FirebaseController.swift; sourceTree = "<group>"; };
		2A4F57741F76BC7E0043A231 /* ExploreVC.swift */ = {isa = PBXFileReference; lastKnownFileType = sourcecode.swift; path = ExploreVC.swift; sourceTree = "<group>"; };
		2A4F57761F76BCB40043A231 /* ExploreSectionHeaderView.swift */ = {isa = PBXFileReference; lastKnownFileType = sourcecode.swift; path = ExploreSectionHeaderView.swift; sourceTree = "<group>"; };
		2A4F57771F76BCB40043A231 /* ExploreSectionHeaderView.xib */ = {isa = PBXFileReference; lastKnownFileType = file.xib; path = ExploreSectionHeaderView.xib; sourceTree = "<group>"; };
		2A4F577A1F76BD090043A231 /* CategoryRowCell.swift */ = {isa = PBXFileReference; lastKnownFileType = sourcecode.swift; path = CategoryRowCell.swift; sourceTree = "<group>"; };
		2A5BEEE51F75465F00D5009C /* ProfileVC.swift */ = {isa = PBXFileReference; lastKnownFileType = sourcecode.swift; path = ProfileVC.swift; sourceTree = "<group>"; };
		2A7CFF181F6AD78000434E2D /* Home.storyboard */ = {isa = PBXFileReference; lastKnownFileType = file.storyboard; path = Home.storyboard; sourceTree = "<group>"; };
		2A7CFF1A1F6B09AB00434E2D /* Explore.storyboard */ = {isa = PBXFileReference; lastKnownFileType = file.storyboard; path = Explore.storyboard; sourceTree = "<group>"; };
		2A7CFF1C1F6B0BBA00434E2D /* Camera.storyboard */ = {isa = PBXFileReference; lastKnownFileType = file.storyboard; path = Camera.storyboard; sourceTree = "<group>"; };
		2A7CFF1E1F6B0BC700434E2D /* Notifications.storyboard */ = {isa = PBXFileReference; lastKnownFileType = file.storyboard; path = Notifications.storyboard; sourceTree = "<group>"; };
		2A7CFF201F6B0BD300434E2D /* Profile.storyboard */ = {isa = PBXFileReference; lastKnownFileType = file.storyboard; path = Profile.storyboard; sourceTree = "<group>"; };
		2A7CFF221F6B140800434E2D /* TabBarVC.swift */ = {isa = PBXFileReference; lastKnownFileType = sourcecode.swift; path = TabBarVC.swift; sourceTree = "<group>"; };
		2A9A8BF31F71B913002F48A9 /* PhotoPreviewVC.swift */ = {isa = PBXFileReference; lastKnownFileType = sourcecode.swift; path = PhotoPreviewVC.swift; sourceTree = "<group>"; };
		2A9AFA461F4F4DC600B86F49 /* Telepic.app */ = {isa = PBXFileReference; explicitFileType = wrapper.application; includeInIndex = 0; path = Telepic.app; sourceTree = BUILT_PRODUCTS_DIR; };
		2A9AFA491F4F4DC600B86F49 /* AppDelegate.swift */ = {isa = PBXFileReference; lastKnownFileType = sourcecode.swift; path = AppDelegate.swift; sourceTree = "<group>"; };
		2A9AFA4E1F4F4DC600B86F49 /* Base */ = {isa = PBXFileReference; lastKnownFileType = file.storyboard; name = Base; path = Base.lproj/Main.storyboard; sourceTree = "<group>"; };
		2A9AFA501F4F4DC600B86F49 /* Assets.xcassets */ = {isa = PBXFileReference; lastKnownFileType = folder.assetcatalog; path = Assets.xcassets; sourceTree = "<group>"; };
		2A9AFA531F4F4DC600B86F49 /* Base */ = {isa = PBXFileReference; lastKnownFileType = file.storyboard; name = Base; path = Base.lproj/LaunchScreen.storyboard; sourceTree = "<group>"; };
		2A9AFA551F4F4DC600B86F49 /* Info.plist */ = {isa = PBXFileReference; lastKnownFileType = text.plist.xml; path = Info.plist; sourceTree = "<group>"; };
		2AA77A971F85617F009C2625 /* UserController.swift */ = {isa = PBXFileReference; lastKnownFileType = sourcecode.swift; path = UserController.swift; sourceTree = "<group>"; };
		2AA77A991F8561DD009C2625 /* User.swift */ = {isa = PBXFileReference; lastKnownFileType = sourcecode.swift; path = User.swift; sourceTree = "<group>"; };
		2AA77A9B1F8562CF009C2625 /* Validator.swift */ = {isa = PBXFileReference; lastKnownFileType = sourcecode.swift; path = Validator.swift; sourceTree = "<group>"; };
		2AA77A9D1F856866009C2625 /* UserDefaults.swift */ = {isa = PBXFileReference; lastKnownFileType = sourcecode.swift; path = UserDefaults.swift; sourceTree = "<group>"; };
		2AABB6F91F70536300BF3432 /* InboxCell.swift */ = {isa = PBXFileReference; lastKnownFileType = sourcecode.swift; path = InboxCell.swift; sourceTree = "<group>"; };
		2AABB6FB1F70544600BF3432 /* InboxVC.swift */ = {isa = PBXFileReference; lastKnownFileType = sourcecode.swift; path = InboxVC.swift; sourceTree = "<group>"; };
		2AABB7001F7055EF00BF3432 /* InboxItem.swift */ = {isa = PBXFileReference; lastKnownFileType = sourcecode.swift; path = InboxItem.swift; sourceTree = "<group>"; };
		2AAE36121F5EF38400FDEA96 /* ExistingAccountPWInputVC.swift */ = {isa = PBXFileReference; fileEncoding = 4; lastKnownFileType = sourcecode.swift; path = ExistingAccountPWInputVC.swift; sourceTree = "<group>"; };
		2AAE36141F5EF3C100FDEA96 /* NewAccountPWInputVC.swift */ = {isa = PBXFileReference; fileEncoding = 4; lastKnownFileType = sourcecode.swift; path = NewAccountPWInputVC.swift; sourceTree = "<group>"; };
		2AAE36161F5F026800FDEA96 /* CreateUsernameVC.swift */ = {isa = PBXFileReference; fileEncoding = 4; lastKnownFileType = sourcecode.swift; path = CreateUsernameVC.swift; sourceTree = "<group>"; };
		2AAE36181F6046C800FDEA96 /* AddFBFriendsVC.swift */ = {isa = PBXFileReference; fileEncoding = 4; lastKnownFileType = sourcecode.swift; path = AddFBFriendsVC.swift; sourceTree = "<group>"; };
		2AAE361B1F604CE000FDEA96 /* FBFriendCell.swift */ = {isa = PBXFileReference; fileEncoding = 4; lastKnownFileType = sourcecode.swift; path = FBFriendCell.swift; sourceTree = "<group>"; };
		2AAE361F1F60510D00FDEA96 /* HeroAnimatorViewContext.swift */ = {isa = PBXFileReference; fileEncoding = 4; lastKnownFileType = sourcecode.swift; path = HeroAnimatorViewContext.swift; sourceTree = "<group>"; };
		2AAE36201F60510D00FDEA96 /* HeroCoreAnimationViewContext.swift */ = {isa = PBXFileReference; fileEncoding = 4; lastKnownFileType = sourcecode.swift; path = HeroCoreAnimationViewContext.swift; sourceTree = "<group>"; };
		2AAE36211F60510D00FDEA96 /* HeroDefaultAnimator.swift */ = {isa = PBXFileReference; fileEncoding = 4; lastKnownFileType = sourcecode.swift; path = HeroDefaultAnimator.swift; sourceTree = "<group>"; };
		2AAE36221F60510D00FDEA96 /* HeroViewPropertyViewContext.swift */ = {isa = PBXFileReference; fileEncoding = 4; lastKnownFileType = sourcecode.swift; path = HeroViewPropertyViewContext.swift; sourceTree = "<group>"; };
		2AAE36241F60510D00FDEA96 /* HeroDebugPlugin.swift */ = {isa = PBXFileReference; fileEncoding = 4; lastKnownFileType = sourcecode.swift; path = HeroDebugPlugin.swift; sourceTree = "<group>"; };
		2AAE36251F60510D00FDEA96 /* HeroDebugView.swift */ = {isa = PBXFileReference; fileEncoding = 4; lastKnownFileType = sourcecode.swift; path = HeroDebugView.swift; sourceTree = "<group>"; };
		2AAE36271F60510D00FDEA96 /* Array+HeroModifier.swift */ = {isa = PBXFileReference; fileEncoding = 4; lastKnownFileType = sourcecode.swift; path = "Array+HeroModifier.swift"; sourceTree = "<group>"; };
		2AAE36281F60510D00FDEA96 /* CALayer+Hero.swift */ = {isa = PBXFileReference; fileEncoding = 4; lastKnownFileType = sourcecode.swift; path = "CALayer+Hero.swift"; sourceTree = "<group>"; };
		2AAE36291F60510D00FDEA96 /* CAMediaTimingFunction+Hero.swift */ = {isa = PBXFileReference; fileEncoding = 4; lastKnownFileType = sourcecode.swift; path = "CAMediaTimingFunction+Hero.swift"; sourceTree = "<group>"; };
		2AAE362A1F60510D00FDEA96 /* CG+Hero.swift */ = {isa = PBXFileReference; fileEncoding = 4; lastKnownFileType = sourcecode.swift; path = "CG+Hero.swift"; sourceTree = "<group>"; };
		2AAE362B1F60510D00FDEA96 /* DispatchQueue+Hero.swift */ = {isa = PBXFileReference; fileEncoding = 4; lastKnownFileType = sourcecode.swift; path = "DispatchQueue+Hero.swift"; sourceTree = "<group>"; };
		2AAE362C1F60510D00FDEA96 /* UIKit+Hero.swift */ = {isa = PBXFileReference; fileEncoding = 4; lastKnownFileType = sourcecode.swift; path = "UIKit+Hero.swift"; sourceTree = "<group>"; };
		2AAE362D1F60510D00FDEA96 /* UIView+Hero.swift */ = {isa = PBXFileReference; fileEncoding = 4; lastKnownFileType = sourcecode.swift; path = "UIView+Hero.swift"; sourceTree = "<group>"; };
		2AAE362E1F60510D00FDEA96 /* UIViewController+Hero.swift */ = {isa = PBXFileReference; fileEncoding = 4; lastKnownFileType = sourcecode.swift; path = "UIViewController+Hero.swift"; sourceTree = "<group>"; };
		2AAE362F1F60510D00FDEA96 /* Hero.h */ = {isa = PBXFileReference; fileEncoding = 4; lastKnownFileType = sourcecode.c.h; path = Hero.h; sourceTree = "<group>"; };
		2AAE36301F60510D00FDEA96 /* HeroContext.swift */ = {isa = PBXFileReference; fileEncoding = 4; lastKnownFileType = sourcecode.swift; path = HeroContext.swift; sourceTree = "<group>"; };
		2AAE36311F60510D00FDEA96 /* HeroModifier+HeroStringConvertible.swift */ = {isa = PBXFileReference; fileEncoding = 4; lastKnownFileType = sourcecode.swift; path = "HeroModifier+HeroStringConvertible.swift"; sourceTree = "<group>"; };
		2AAE36321F60510D00FDEA96 /* HeroModifier.swift */ = {isa = PBXFileReference; fileEncoding = 4; lastKnownFileType = sourcecode.swift; path = HeroModifier.swift; sourceTree = "<group>"; };
		2AAE36331F60510D00FDEA96 /* HeroPlugin.swift */ = {isa = PBXFileReference; fileEncoding = 4; lastKnownFileType = sourcecode.swift; path = HeroPlugin.swift; sourceTree = "<group>"; };
		2AAE36341F60510D00FDEA96 /* HeroTargetState.swift */ = {isa = PBXFileReference; fileEncoding = 4; lastKnownFileType = sourcecode.swift; path = HeroTargetState.swift; sourceTree = "<group>"; };
		2AAE36351F60510D00FDEA96 /* HeroTypes.swift */ = {isa = PBXFileReference; fileEncoding = 4; lastKnownFileType = sourcecode.swift; path = HeroTypes.swift; sourceTree = "<group>"; };
		2AAE36361F60510D00FDEA96 /* HeroViewControllerDelegate.swift */ = {isa = PBXFileReference; fileEncoding = 4; lastKnownFileType = sourcecode.swift; path = HeroViewControllerDelegate.swift; sourceTree = "<group>"; };
		2AAE36371F60510D00FDEA96 /* Info.plist */ = {isa = PBXFileReference; fileEncoding = 4; lastKnownFileType = text.plist.xml; path = Info.plist; sourceTree = "<group>"; };
		2AAE36391F60510D00FDEA96 /* HeroStringConvertible.swift */ = {isa = PBXFileReference; fileEncoding = 4; lastKnownFileType = sourcecode.swift; path = HeroStringConvertible.swift; sourceTree = "<group>"; };
		2AAE363A1F60510D00FDEA96 /* Lexer.swift */ = {isa = PBXFileReference; fileEncoding = 4; lastKnownFileType = sourcecode.swift; path = Lexer.swift; sourceTree = "<group>"; };
		2AAE363B1F60510D00FDEA96 /* Nodes.swift */ = {isa = PBXFileReference; fileEncoding = 4; lastKnownFileType = sourcecode.swift; path = Nodes.swift; sourceTree = "<group>"; };
		2AAE363C1F60510D00FDEA96 /* Parser.swift */ = {isa = PBXFileReference; fileEncoding = 4; lastKnownFileType = sourcecode.swift; path = Parser.swift; sourceTree = "<group>"; };
		2AAE363D1F60510D00FDEA96 /* Regex.swift */ = {isa = PBXFileReference; fileEncoding = 4; lastKnownFileType = sourcecode.swift; path = Regex.swift; sourceTree = "<group>"; };
		2AAE363F1F60510D00FDEA96 /* BasePreprocessor.swift */ = {isa = PBXFileReference; fileEncoding = 4; lastKnownFileType = sourcecode.swift; path = BasePreprocessor.swift; sourceTree = "<group>"; };
		2AAE36401F60510D00FDEA96 /* CascadePreprocessor.swift */ = {isa = PBXFileReference; fileEncoding = 4; lastKnownFileType = sourcecode.swift; path = CascadePreprocessor.swift; sourceTree = "<group>"; };
		2AAE36411F60510D00FDEA96 /* ConditionalPreprocessor.swift */ = {isa = PBXFileReference; fileEncoding = 4; lastKnownFileType = sourcecode.swift; path = ConditionalPreprocessor.swift; sourceTree = "<group>"; };
		2AAE36421F60510D00FDEA96 /* DefaultAnimationPreprocessor.swift */ = {isa = PBXFileReference; fileEncoding = 4; lastKnownFileType = sourcecode.swift; path = DefaultAnimationPreprocessor.swift; sourceTree = "<group>"; };
		2AAE36431F60510D00FDEA96 /* IgnoreSubviewModifiersPreprocessor.swift */ = {isa = PBXFileReference; fileEncoding = 4; lastKnownFileType = sourcecode.swift; path = IgnoreSubviewModifiersPreprocessor.swift; sourceTree = "<group>"; };
		2AAE36441F60510D00FDEA96 /* MatchPreprocessor.swift */ = {isa = PBXFileReference; fileEncoding = 4; lastKnownFileType = sourcecode.swift; path = MatchPreprocessor.swift; sourceTree = "<group>"; };
		2AAE36451F60510D00FDEA96 /* SourcePreprocessor.swift */ = {isa = PBXFileReference; fileEncoding = 4; lastKnownFileType = sourcecode.swift; path = SourcePreprocessor.swift; sourceTree = "<group>"; };
		2AAE36471F60510D00FDEA96 /* HeroProgressRunner.swift */ = {isa = PBXFileReference; fileEncoding = 4; lastKnownFileType = sourcecode.swift; path = HeroProgressRunner.swift; sourceTree = "<group>"; };
		2AAE36481F60510D00FDEA96 /* HeroTransition+Animate.swift */ = {isa = PBXFileReference; fileEncoding = 4; lastKnownFileType = sourcecode.swift; path = "HeroTransition+Animate.swift"; sourceTree = "<group>"; };
		2AAE36491F60510D00FDEA96 /* HeroTransition+Complete.swift */ = {isa = PBXFileReference; fileEncoding = 4; lastKnownFileType = sourcecode.swift; path = "HeroTransition+Complete.swift"; sourceTree = "<group>"; };
		2AAE364A1F60510D00FDEA96 /* HeroTransition+CustomTransition.swift */ = {isa = PBXFileReference; fileEncoding = 4; lastKnownFileType = sourcecode.swift; path = "HeroTransition+CustomTransition.swift"; sourceTree = "<group>"; };
		2AAE364B1F60510D00FDEA96 /* HeroTransition+Interactive.swift */ = {isa = PBXFileReference; fileEncoding = 4; lastKnownFileType = sourcecode.swift; path = "HeroTransition+Interactive.swift"; sourceTree = "<group>"; };
		2AAE364C1F60510D00FDEA96 /* HeroTransition+Start.swift */ = {isa = PBXFileReference; fileEncoding = 4; lastKnownFileType = sourcecode.swift; path = "HeroTransition+Start.swift"; sourceTree = "<group>"; };
		2AAE364D1F60510D00FDEA96 /* HeroTransition+UINavigationControllerDelegate.swift */ = {isa = PBXFileReference; fileEncoding = 4; lastKnownFileType = sourcecode.swift; path = "HeroTransition+UINavigationControllerDelegate.swift"; sourceTree = "<group>"; };
		2AAE364E1F60510D00FDEA96 /* HeroTransition+UITabBarControllerDelegate.swift */ = {isa = PBXFileReference; fileEncoding = 4; lastKnownFileType = sourcecode.swift; path = "HeroTransition+UITabBarControllerDelegate.swift"; sourceTree = "<group>"; };
		2AAE364F1F60510D00FDEA96 /* HeroTransition+UIViewControllerTransitioningDelegate.swift */ = {isa = PBXFileReference; fileEncoding = 4; lastKnownFileType = sourcecode.swift; path = "HeroTransition+UIViewControllerTransitioningDelegate.swift"; sourceTree = "<group>"; };
		2AAE36501F60510D00FDEA96 /* HeroTransition.swift */ = {isa = PBXFileReference; fileEncoding = 4; lastKnownFileType = sourcecode.swift; path = HeroTransition.swift; sourceTree = "<group>"; };
		2AAE36511F60510D00FDEA96 /* HeroTransitionState.swift */ = {isa = PBXFileReference; fileEncoding = 4; lastKnownFileType = sourcecode.swift; path = HeroTransitionState.swift; sourceTree = "<group>"; };
		2AC581C11F71A3C8006312DE /* CameraVC.swift */ = {isa = PBXFileReference; lastKnownFileType = sourcecode.swift; path = CameraVC.swift; sourceTree = "<group>"; };
		2ACF56651F7AA2CB007689D9 /* ThumbnailCell.swift */ = {isa = PBXFileReference; lastKnownFileType = sourcecode.swift; path = ThumbnailCell.swift; sourceTree = "<group>"; };
		2ACF56661F7AA2CB007689D9 /* ThumbnailCell.xib */ = {isa = PBXFileReference; lastKnownFileType = file.xib; path = ThumbnailCell.xib; sourceTree = "<group>"; };
		2ACF56691F7AA933007689D9 /* StartAMovementCell.swift */ = {isa = PBXFileReference; lastKnownFileType = sourcecode.swift; path = StartAMovementCell.swift; sourceTree = "<group>"; };
		2ACF566B1F7AB06F007689D9 /* Constant.swift */ = {isa = PBXFileReference; lastKnownFileType = sourcecode.swift; path = Constant.swift; sourceTree = "<group>"; };
		2ACF566D1F7AB9DE007689D9 /* NotificationsVC.swift */ = {isa = PBXFileReference; lastKnownFileType = sourcecode.swift; path = NotificationsVC.swift; sourceTree = "<group>"; };
		2ACF566F1F7ABA16007689D9 /* NotificationCell.swift */ = {isa = PBXFileReference; lastKnownFileType = sourcecode.swift; path = NotificationCell.swift; sourceTree = "<group>"; };
		2AD3C01E1F6C218400F17E97 /* HomeVC.swift */ = {isa = PBXFileReference; lastKnownFileType = sourcecode.swift; path = HomeVC.swift; sourceTree = "<group>"; };
		2AD3C8141F61ABC700DD16D3 /* ConnectOrSkipVC.swift */ = {isa = PBXFileReference; fileEncoding = 4; lastKnownFileType = sourcecode.swift; path = ConnectOrSkipVC.swift; sourceTree = "<group>"; };
		2AD3C8161F61B3CE00DD16D3 /* Extensions.swift */ = {isa = PBXFileReference; fileEncoding = 4; lastKnownFileType = sourcecode.swift; path = Extensions.swift; sourceTree = "<group>"; };
		57F0175D7FE62023A86E28FC /* Pods-Telepic.debug.xcconfig */ = {isa = PBXFileReference; includeInIndex = 1; lastKnownFileType = text.xcconfig; name = "Pods-Telepic.debug.xcconfig"; path = "Pods/Target Support Files/Pods-Telepic/Pods-Telepic.debug.xcconfig"; sourceTree = "<group>"; };
		853CCFC10405AAC95016F671 /* Pods-Telepic.release.xcconfig */ = {isa = PBXFileReference; includeInIndex = 1; lastKnownFileType = text.xcconfig; name = "Pods-Telepic.release.xcconfig"; path = "Pods/Target Support Files/Pods-Telepic/Pods-Telepic.release.xcconfig"; sourceTree = "<group>"; };
		C5541979CB7346D8B9127109 /* Pods_Telepic.framework */ = {isa = PBXFileReference; explicitFileType = wrapper.framework; includeInIndex = 0; path = Pods_Telepic.framework; sourceTree = BUILT_PRODUCTS_DIR; };
/* End PBXFileReference section */

/* Begin PBXFrameworksBuildPhase section */
		2A9AFA431F4F4DC600B86F49 /* Frameworks */ = {
			isa = PBXFrameworksBuildPhase;
			buildActionMask = 2147483647;
			files = (
				2A2B4D391F86A60B00D98F78 /* AddressBookUI.framework in Frameworks */,
				2A2B4D371F86A5DF00D98F78 /* MapKit.framework in Frameworks */,
				2A2B4D351F86A5D400D98F78 /* CoreLocation.framework in Frameworks */,
				2C92C96832E4CC561850D46E /* Pods_Telepic.framework in Frameworks */,
			);
			runOnlyForDeploymentPostprocessing = 0;
		};
/* End PBXFrameworksBuildPhase section */

/* Begin PBXGroup section */
		2A06DC021F5DA6BF00824E62 /* ViewControllers */ = {
			isa = PBXGroup;
			children = (
				2AD3C01D1F6C214D00F17E97 /* Login */,
				2A7CFF221F6B140800434E2D /* TabBarVC.swift */,
				2AD3C01E1F6C218400F17E97 /* HomeVC.swift */,
				2AABB6FB1F70544600BF3432 /* InboxVC.swift */,
				2AC581C11F71A3C8006312DE /* CameraVC.swift */,
				2A9A8BF31F71B913002F48A9 /* PhotoPreviewVC.swift */,
				2A5BEEE51F75465F00D5009C /* ProfileVC.swift */,
				2A4F57741F76BC7E0043A231 /* ExploreVC.swift */,
				2ACF566D1F7AB9DE007689D9 /* NotificationsVC.swift */,
				2A2B4D3C1F86A6F500D98F78 /* MapVC.swift */,
			);
			name = ViewControllers;
			sourceTree = "<group>";
		};
		2A06DC031F5DE18900824E62 /* Fonts */ = {
			isa = PBXGroup;
			children = (
				2A06DC041F5DE18900824E62 /* Nunito-Black.ttf */,
				2A06DC051F5DE18900824E62 /* Nunito-BlackItalic.ttf */,
				2A06DC061F5DE18900824E62 /* Nunito-Bold.ttf */,
				2A06DC071F5DE18900824E62 /* Nunito-BoldItalic.ttf */,
				2A06DC081F5DE18900824E62 /* Nunito-ExtraBold.ttf */,
				2A06DC091F5DE18900824E62 /* Nunito-ExtraBoldItalic.ttf */,
				2A06DC0A1F5DE18900824E62 /* Nunito-ExtraLight.ttf */,
				2A06DC0B1F5DE18900824E62 /* Nunito-ExtraLightItalic.ttf */,
				2A06DC0C1F5DE18900824E62 /* Nunito-Italic.ttf */,
				2A06DC0D1F5DE18900824E62 /* Nunito-Light.ttf */,
				2A06DC0E1F5DE18900824E62 /* Nunito-LightItalic.ttf */,
				2A06DC0F1F5DE18900824E62 /* Nunito-Regular.ttf */,
				2A06DC101F5DE18900824E62 /* Nunito-SemiBold.ttf */,
				2A06DC111F5DE18900824E62 /* Nunito-SemiBoldItalic.ttf */,
			);
			name = Fonts;
			path = Nunito;
			sourceTree = "<group>";
		};
		2A9AFA3D1F4F4DC600B86F49 = {
			isa = PBXGroup;
			children = (
				2A9AFA481F4F4DC600B86F49 /* Telepic */,
				2A9AFA471F4F4DC600B86F49 /* Products */,
				A0B2E34C62EDCF7F67A8C012 /* Pods */,
				FDD1A74034749E62C1E4A0B2 /* Frameworks */,
			);
			sourceTree = "<group>";
		};
		2A9AFA471F4F4DC600B86F49 /* Products */ = {
			isa = PBXGroup;
			children = (
				2A9AFA461F4F4DC600B86F49 /* Telepic.app */,
			);
			name = Products;
			sourceTree = "<group>";
		};
		2A9AFA481F4F4DC600B86F49 /* Telepic */ = {
			isa = PBXGroup;
			children = (
				2AA77A961F85616C009C2625 /* ModelController */,
				2AABB6FF1F7055C500BF3432 /* Models */,
				2AAE361A1F604CB200FDEA96 /* Views */,
				2AAE36111F5EE52F00FDEA96 /* Storyboards */,
				2A06DC021F5DA6BF00824E62 /* ViewControllers */,
				2A9AFA491F4F4DC600B86F49 /* AppDelegate.swift */,
				2A9AFA501F4F4DC600B86F49 /* Assets.xcassets */,
				2A9AFA521F4F4DC600B86F49 /* LaunchScreen.storyboard */,
				2A9AFA551F4F4DC600B86F49 /* Info.plist */,
				2A06DBFC1F5D967900824E62 /* GoogleService-Info.plist */,
				2AAE361D1F60510D00FDEA96 /* Sources */,
				2A06DC031F5DE18900824E62 /* Fonts */,
				2AD3C8161F61B3CE00DD16D3 /* Extensions.swift */,
				2ACF566B1F7AB06F007689D9 /* Constant.swift */,
				2AA77A9B1F8562CF009C2625 /* Validator.swift */,
				2AA77A9D1F856866009C2625 /* UserDefaults.swift */,
				2A2B4D3E1F86B13300D98F78 /* FirebaseController.swift */,
			);
			path = Telepic;
			sourceTree = "<group>";
		};
		2AA77A961F85616C009C2625 /* ModelController */ = {
			isa = PBXGroup;
			children = (
				2AA77A971F85617F009C2625 /* UserController.swift */,
			);
			name = ModelController;
			sourceTree = "<group>";
		};
		2AABB6FF1F7055C500BF3432 /* Models */ = {
			isa = PBXGroup;
			children = (
				2AABB7001F7055EF00BF3432 /* InboxItem.swift */,
				2AA77A991F8561DD009C2625 /* User.swift */,
			);
			name = Models;
			sourceTree = "<group>";
		};
		2AAE36111F5EE52F00FDEA96 /* Storyboards */ = {
			isa = PBXGroup;
			children = (
				2A9AFA4D1F4F4DC600B86F49 /* Main.storyboard */,
				2A7CFF181F6AD78000434E2D /* Home.storyboard */,
				2A7CFF1A1F6B09AB00434E2D /* Explore.storyboard */,
				2A7CFF1C1F6B0BBA00434E2D /* Camera.storyboard */,
				2A7CFF1E1F6B0BC700434E2D /* Notifications.storyboard */,
				2A7CFF201F6B0BD300434E2D /* Profile.storyboard */,
				2A2B4D3A1F86A64200D98F78 /* Map.storyboard */,
			);
			name = Storyboards;
			sourceTree = "<group>";
		};
		2AAE361A1F604CB200FDEA96 /* Views */ = {
			isa = PBXGroup;
			children = (
				2AAE361B1F604CE000FDEA96 /* FBFriendCell.swift */,
				2AABB6F91F70536300BF3432 /* InboxCell.swift */,
				2A4F57761F76BCB40043A231 /* ExploreSectionHeaderView.swift */,
				2A4F57771F76BCB40043A231 /* ExploreSectionHeaderView.xib */,
				2A4F577A1F76BD090043A231 /* CategoryRowCell.swift */,
				2ACF56651F7AA2CB007689D9 /* ThumbnailCell.swift */,
				2ACF56661F7AA2CB007689D9 /* ThumbnailCell.xib */,
				2ACF56691F7AA933007689D9 /* StartAMovementCell.swift */,
				2ACF566F1F7ABA16007689D9 /* NotificationCell.swift */,
			);
			name = Views;
			sourceTree = "<group>";
		};
		2AAE361D1F60510D00FDEA96 /* Sources */ = {
			isa = PBXGroup;
			children = (
				2AAE361E1F60510D00FDEA96 /* Animator */,
				2AAE36231F60510D00FDEA96 /* Debug Plugin */,
				2AAE36261F60510D00FDEA96 /* Extensions */,
				2AAE362F1F60510D00FDEA96 /* Hero.h */,
				2AAE36301F60510D00FDEA96 /* HeroContext.swift */,
				2AAE36311F60510D00FDEA96 /* HeroModifier+HeroStringConvertible.swift */,
				2AAE36321F60510D00FDEA96 /* HeroModifier.swift */,
				2AAE36331F60510D00FDEA96 /* HeroPlugin.swift */,
				2AAE36341F60510D00FDEA96 /* HeroTargetState.swift */,
				2AAE36351F60510D00FDEA96 /* HeroTypes.swift */,
				2AAE36361F60510D00FDEA96 /* HeroViewControllerDelegate.swift */,
				2AAE36371F60510D00FDEA96 /* Info.plist */,
				2AAE36381F60510D00FDEA96 /* Parser */,
				2AAE363E1F60510D00FDEA96 /* Preprocessors */,
				2AAE36461F60510D00FDEA96 /* Transition */,
			);
			path = Sources;
			sourceTree = "<group>";
		};
		2AAE361E1F60510D00FDEA96 /* Animator */ = {
			isa = PBXGroup;
			children = (
				2AAE361F1F60510D00FDEA96 /* HeroAnimatorViewContext.swift */,
				2AAE36201F60510D00FDEA96 /* HeroCoreAnimationViewContext.swift */,
				2AAE36211F60510D00FDEA96 /* HeroDefaultAnimator.swift */,
				2AAE36221F60510D00FDEA96 /* HeroViewPropertyViewContext.swift */,
			);
			path = Animator;
			sourceTree = "<group>";
		};
		2AAE36231F60510D00FDEA96 /* Debug Plugin */ = {
			isa = PBXGroup;
			children = (
				2AAE36241F60510D00FDEA96 /* HeroDebugPlugin.swift */,
				2AAE36251F60510D00FDEA96 /* HeroDebugView.swift */,
			);
			path = "Debug Plugin";
			sourceTree = "<group>";
		};
		2AAE36261F60510D00FDEA96 /* Extensions */ = {
			isa = PBXGroup;
			children = (
				2AAE36271F60510D00FDEA96 /* Array+HeroModifier.swift */,
				2AAE36281F60510D00FDEA96 /* CALayer+Hero.swift */,
				2AAE36291F60510D00FDEA96 /* CAMediaTimingFunction+Hero.swift */,
				2AAE362A1F60510D00FDEA96 /* CG+Hero.swift */,
				2AAE362B1F60510D00FDEA96 /* DispatchQueue+Hero.swift */,
				2AAE362C1F60510D00FDEA96 /* UIKit+Hero.swift */,
				2AAE362D1F60510D00FDEA96 /* UIView+Hero.swift */,
				2AAE362E1F60510D00FDEA96 /* UIViewController+Hero.swift */,
			);
			path = Extensions;
			sourceTree = "<group>";
		};
		2AAE36381F60510D00FDEA96 /* Parser */ = {
			isa = PBXGroup;
			children = (
				2AAE36391F60510D00FDEA96 /* HeroStringConvertible.swift */,
				2AAE363A1F60510D00FDEA96 /* Lexer.swift */,
				2AAE363B1F60510D00FDEA96 /* Nodes.swift */,
				2AAE363C1F60510D00FDEA96 /* Parser.swift */,
				2AAE363D1F60510D00FDEA96 /* Regex.swift */,
			);
			path = Parser;
			sourceTree = "<group>";
		};
		2AAE363E1F60510D00FDEA96 /* Preprocessors */ = {
			isa = PBXGroup;
			children = (
				2AAE363F1F60510D00FDEA96 /* BasePreprocessor.swift */,
				2AAE36401F60510D00FDEA96 /* CascadePreprocessor.swift */,
				2AAE36411F60510D00FDEA96 /* ConditionalPreprocessor.swift */,
				2AAE36421F60510D00FDEA96 /* DefaultAnimationPreprocessor.swift */,
				2AAE36431F60510D00FDEA96 /* IgnoreSubviewModifiersPreprocessor.swift */,
				2AAE36441F60510D00FDEA96 /* MatchPreprocessor.swift */,
				2AAE36451F60510D00FDEA96 /* SourcePreprocessor.swift */,
			);
			path = Preprocessors;
			sourceTree = "<group>";
		};
		2AAE36461F60510D00FDEA96 /* Transition */ = {
			isa = PBXGroup;
			children = (
				2AAE36471F60510D00FDEA96 /* HeroProgressRunner.swift */,
				2AAE36481F60510D00FDEA96 /* HeroTransition+Animate.swift */,
				2AAE36491F60510D00FDEA96 /* HeroTransition+Complete.swift */,
				2AAE364A1F60510D00FDEA96 /* HeroTransition+CustomTransition.swift */,
				2AAE364B1F60510D00FDEA96 /* HeroTransition+Interactive.swift */,
				2AAE364C1F60510D00FDEA96 /* HeroTransition+Start.swift */,
				2AAE364D1F60510D00FDEA96 /* HeroTransition+UINavigationControllerDelegate.swift */,
				2AAE364E1F60510D00FDEA96 /* HeroTransition+UITabBarControllerDelegate.swift */,
				2AAE364F1F60510D00FDEA96 /* HeroTransition+UIViewControllerTransitioningDelegate.swift */,
				2AAE36501F60510D00FDEA96 /* HeroTransition.swift */,
				2AAE36511F60510D00FDEA96 /* HeroTransitionState.swift */,
			);
			path = Transition;
			sourceTree = "<group>";
		};
		2AD3C01D1F6C214D00F17E97 /* Login */ = {
			isa = PBXGroup;
			children = (
				2A06DBFE1F5DA4AE00824E62 /* LoginVC.swift */,
				2A06DC001F5DA6BA00824E62 /* EmailLoginVC.swift */,
				2AAE36121F5EF38400FDEA96 /* ExistingAccountPWInputVC.swift */,
				2AAE36141F5EF3C100FDEA96 /* NewAccountPWInputVC.swift */,
				2AAE36161F5F026800FDEA96 /* CreateUsernameVC.swift */,
				2AAE36181F6046C800FDEA96 /* AddFBFriendsVC.swift */,
				2AD3C8141F61ABC700DD16D3 /* ConnectOrSkipVC.swift */,
			);
			name = Login;
			sourceTree = "<group>";
		};
		A0B2E34C62EDCF7F67A8C012 /* Pods */ = {
			isa = PBXGroup;
			children = (
				57F0175D7FE62023A86E28FC /* Pods-Telepic.debug.xcconfig */,
				853CCFC10405AAC95016F671 /* Pods-Telepic.release.xcconfig */,
			);
			name = Pods;
			sourceTree = "<group>";
		};
		FDD1A74034749E62C1E4A0B2 /* Frameworks */ = {
			isa = PBXGroup;
			children = (
				2A2B4D381F86A60B00D98F78 /* AddressBookUI.framework */,
				2A2B4D361F86A5DF00D98F78 /* MapKit.framework */,
				2A2B4D341F86A5D400D98F78 /* CoreLocation.framework */,
				C5541979CB7346D8B9127109 /* Pods_Telepic.framework */,
			);
			name = Frameworks;
			sourceTree = "<group>";
		};
/* End PBXGroup section */

/* Begin PBXNativeTarget section */
		2A9AFA451F4F4DC600B86F49 /* Telepic */ = {
			isa = PBXNativeTarget;
			buildConfigurationList = 2A9AFA581F4F4DC600B86F49 /* Build configuration list for PBXNativeTarget "Telepic" */;
			buildPhases = (
				644E1969F3AFD8D986BA80B6 /* [CP] Check Pods Manifest.lock */,
				2A9AFA421F4F4DC600B86F49 /* Sources */,
				2A9AFA431F4F4DC600B86F49 /* Frameworks */,
				2A9AFA441F4F4DC600B86F49 /* Resources */,
				154382BFA98A245DBEA51995 /* [CP] Embed Pods Frameworks */,
				F7FF8CAF9B0780B6E3EBE715 /* [CP] Copy Pods Resources */,
			);
			buildRules = (
			);
			dependencies = (
			);
			name = Telepic;
			productName = Telepic;
			productReference = 2A9AFA461F4F4DC600B86F49 /* Telepic.app */;
			productType = "com.apple.product-type.application";
		};
/* End PBXNativeTarget section */

/* Begin PBXProject section */
		2A9AFA3E1F4F4DC600B86F49 /* Project object */ = {
			isa = PBXProject;
			attributes = {
				LastSwiftUpdateCheck = 0830;
				LastUpgradeCheck = 0830;
				ORGANIZATIONNAME = "Telepic LLC";
				TargetAttributes = {
					2A9AFA451F4F4DC600B86F49 = {
						CreatedOnToolsVersion = 8.3.2;
						DevelopmentTeam = 88M8AT4J5D;
						ProvisioningStyle = Automatic;
					};
				};
			};
			buildConfigurationList = 2A9AFA411F4F4DC600B86F49 /* Build configuration list for PBXProject "Telepic" */;
			compatibilityVersion = "Xcode 3.2";
			developmentRegion = English;
			hasScannedForEncodings = 0;
			knownRegions = (
				en,
				Base,
			);
			mainGroup = 2A9AFA3D1F4F4DC600B86F49;
			productRefGroup = 2A9AFA471F4F4DC600B86F49 /* Products */;
			projectDirPath = "";
			projectRoot = "";
			targets = (
				2A9AFA451F4F4DC600B86F49 /* Telepic */,
			);
		};
/* End PBXProject section */

/* Begin PBXResourcesBuildPhase section */
		2A9AFA441F4F4DC600B86F49 /* Resources */ = {
			isa = PBXResourcesBuildPhase;
			buildActionMask = 2147483647;
			files = (
				2A06DC151F5DE18900824E62 /* Nunito-Bold.ttf in Resources */,
				2A06DC181F5DE18900824E62 /* Nunito-ExtraBoldItalic.ttf in Resources */,
				2ACF56681F7AA2CB007689D9 /* ThumbnailCell.xib in Resources */,
				2A9AFA541F4F4DC600B86F49 /* LaunchScreen.storyboard in Resources */,
				2A06DC1F1F5DE18900824E62 /* Nunito-SemiBold.ttf in Resources */,
				2A06DC161F5DE18900824E62 /* Nunito-BoldItalic.ttf in Resources */,
				2A06DC191F5DE18900824E62 /* Nunito-ExtraLight.ttf in Resources */,
				2A7CFF1F1F6B0BC700434E2D /* Notifications.storyboard in Resources */,
				2A06DC171F5DE18900824E62 /* Nunito-ExtraBold.ttf in Resources */,
				2A06DC1B1F5DE18900824E62 /* Nunito-Italic.ttf in Resources */,
				2A06DC141F5DE18900824E62 /* Nunito-BlackItalic.ttf in Resources */,
				2AAE36671F60510D00FDEA96 /* Info.plist in Resources */,
				2A7CFF1B1F6B09AB00434E2D /* Explore.storyboard in Resources */,
				2A06DC1C1F5DE18900824E62 /* Nunito-Light.ttf in Resources */,
				2A7CFF191F6AD78000434E2D /* Home.storyboard in Resources */,
				2A06DC1A1F5DE18900824E62 /* Nunito-ExtraLightItalic.ttf in Resources */,
				2A4F57791F76BCB40043A231 /* ExploreSectionHeaderView.xib in Resources */,
				2A06DC1E1F5DE18900824E62 /* Nunito-Regular.ttf in Resources */,
				2A06DC201F5DE18900824E62 /* Nunito-SemiBoldItalic.ttf in Resources */,
				2A06DC131F5DE18900824E62 /* Nunito-Black.ttf in Resources */,
				2A2B4D3B1F86A64200D98F78 /* Map.storyboard in Resources */,
				2A7CFF211F6B0BD300434E2D /* Profile.storyboard in Resources */,
				2A06DBFD1F5D967900824E62 /* GoogleService-Info.plist in Resources */,
				2A9AFA511F4F4DC600B86F49 /* Assets.xcassets in Resources */,
				2A7CFF1D1F6B0BBA00434E2D /* Camera.storyboard in Resources */,
				2A06DC1D1F5DE18900824E62 /* Nunito-LightItalic.ttf in Resources */,
				2A9AFA4F1F4F4DC600B86F49 /* Main.storyboard in Resources */,
			);
			runOnlyForDeploymentPostprocessing = 0;
		};
/* End PBXResourcesBuildPhase section */

/* Begin PBXShellScriptBuildPhase section */
		154382BFA98A245DBEA51995 /* [CP] Embed Pods Frameworks */ = {
			isa = PBXShellScriptBuildPhase;
			buildActionMask = 2147483647;
			files = (
			);
			inputPaths = (
			);
			name = "[CP] Embed Pods Frameworks";
			outputPaths = (
			);
			runOnlyForDeploymentPostprocessing = 0;
			shellPath = /bin/sh;
			shellScript = "\"${SRCROOT}/Pods/Target Support Files/Pods-Telepic/Pods-Telepic-frameworks.sh\"\n";
			showEnvVarsInLog = 0;
		};
		644E1969F3AFD8D986BA80B6 /* [CP] Check Pods Manifest.lock */ = {
			isa = PBXShellScriptBuildPhase;
			buildActionMask = 2147483647;
			files = (
			);
			inputPaths = (
			);
			name = "[CP] Check Pods Manifest.lock";
			outputPaths = (
			);
			runOnlyForDeploymentPostprocessing = 0;
			shellPath = /bin/sh;
			shellScript = "diff \"${PODS_PODFILE_DIR_PATH}/Podfile.lock\" \"${PODS_ROOT}/Manifest.lock\" > /dev/null\nif [ $? != 0 ] ; then\n    # print error to STDERR\n    echo \"error: The sandbox is not in sync with the Podfile.lock. Run 'pod install' or update your CocoaPods installation.\" >&2\n    exit 1\nfi\n";
			showEnvVarsInLog = 0;
		};
		F7FF8CAF9B0780B6E3EBE715 /* [CP] Copy Pods Resources */ = {
			isa = PBXShellScriptBuildPhase;
			buildActionMask = 2147483647;
			files = (
			);
			inputPaths = (
			);
			name = "[CP] Copy Pods Resources";
			outputPaths = (
			);
			runOnlyForDeploymentPostprocessing = 0;
			shellPath = /bin/sh;
			shellScript = "\"${SRCROOT}/Pods/Target Support Files/Pods-Telepic/Pods-Telepic-resources.sh\"\n";
			showEnvVarsInLog = 0;
		};
/* End PBXShellScriptBuildPhase section */

/* Begin PBXSourcesBuildPhase section */
		2A9AFA421F4F4DC600B86F49 /* Sources */ = {
			isa = PBXSourcesBuildPhase;
			buildActionMask = 2147483647;
			files = (
				2AAE36541F60510D00FDEA96 /* HeroDefaultAnimator.swift in Sources */,
				2AD3C01F1F6C218400F17E97 /* HomeVC.swift in Sources */,
				2AD3C8171F61B3CE00DD16D3 /* Extensions.swift in Sources */,
				2AAE36151F5EF3C100FDEA96 /* NewAccountPWInputVC.swift in Sources */,
				2AAE365F1F60510D00FDEA96 /* UIViewController+Hero.swift in Sources */,
				2AAE36621F60510D00FDEA96 /* HeroModifier.swift in Sources */,
				2AAE367B1F60510D00FDEA96 /* HeroTransition+UITabBarControllerDelegate.swift in Sources */,
				2AC581C21F71A3C8006312DE /* CameraVC.swift in Sources */,
				2AAE36781F60510D00FDEA96 /* HeroTransition+Interactive.swift in Sources */,
				2AAE366D1F60510D00FDEA96 /* BasePreprocessor.swift in Sources */,
				2A06DC011F5DA6BA00824E62 /* EmailLoginVC.swift in Sources */,
				2AAE36581F60510D00FDEA96 /* Array+HeroModifier.swift in Sources */,
				2ACF566A1F7AA933007689D9 /* StartAMovementCell.swift in Sources */,
				2AAE36531F60510D00FDEA96 /* HeroCoreAnimationViewContext.swift in Sources */,
				2AAE36131F5EF38400FDEA96 /* ExistingAccountPWInputVC.swift in Sources */,
				2AABB6FC1F70544600BF3432 /* InboxVC.swift in Sources */,
				2AD3C8151F61ABC700DD16D3 /* ConnectOrSkipVC.swift in Sources */,
				2AAE36191F6046C800FDEA96 /* AddFBFriendsVC.swift in Sources */,
				2AAE36791F60510D00FDEA96 /* HeroTransition+Start.swift in Sources */,
				2AAE36651F60510D00FDEA96 /* HeroTypes.swift in Sources */,
				2AAE36591F60510D00FDEA96 /* CALayer+Hero.swift in Sources */,
				2AAE36771F60510D00FDEA96 /* HeroTransition+CustomTransition.swift in Sources */,
				2ACF566E1F7AB9DE007689D9 /* NotificationsVC.swift in Sources */,
				2AAE367A1F60510D00FDEA96 /* HeroTransition+UINavigationControllerDelegate.swift in Sources */,
				2A2B4D3F1F86B13300D98F78 /* FirebaseController.swift in Sources */,
				2AAE36631F60510D00FDEA96 /* HeroPlugin.swift in Sources */,
				2AAE36681F60510D00FDEA96 /* HeroStringConvertible.swift in Sources */,
				2AAE36551F60510D00FDEA96 /* HeroViewPropertyViewContext.swift in Sources */,
				2AABB7011F7055EF00BF3432 /* InboxItem.swift in Sources */,
				2AAE365C1F60510D00FDEA96 /* DispatchQueue+Hero.swift in Sources */,
				2AAE365D1F60510D00FDEA96 /* UIKit+Hero.swift in Sources */,
				2A9A8BF41F71B913002F48A9 /* PhotoPreviewVC.swift in Sources */,
				2AAE36761F60510D00FDEA96 /* HeroTransition+Complete.swift in Sources */,
				2ACF56671F7AA2CB007689D9 /* ThumbnailCell.swift in Sources */,
				2AAE36751F60510D00FDEA96 /* HeroTransition+Animate.swift in Sources */,
				2A4F577B1F76BD090043A231 /* CategoryRowCell.swift in Sources */,
				2AABB6FA1F70536300BF3432 /* InboxCell.swift in Sources */,
				2ACF566C1F7AB06F007689D9 /* Constant.swift in Sources */,
				2A06DBFF1F5DA4AE00824E62 /* LoginVC.swift in Sources */,
				2A4F57751F76BC7E0043A231 /* ExploreVC.swift in Sources */,
				2AAE36611F60510D00FDEA96 /* HeroModifier+HeroStringConvertible.swift in Sources */,
				2A2B4D3D1F86A6F500D98F78 /* MapVC.swift in Sources */,
				2AAE367C1F60510D00FDEA96 /* HeroTransition+UIViewControllerTransitioningDelegate.swift in Sources */,
				2AAE361C1F604CE000FDEA96 /* FBFriendCell.swift in Sources */,
				2AAE36171F5F026800FDEA96 /* CreateUsernameVC.swift in Sources */,
				2AAE36731F60510D00FDEA96 /* SourcePreprocessor.swift in Sources */,
				2AAE365E1F60510D00FDEA96 /* UIView+Hero.swift in Sources */,
				2AAE365A1F60510D00FDEA96 /* CAMediaTimingFunction+Hero.swift in Sources */,
				2AAE36661F60510D00FDEA96 /* HeroViewControllerDelegate.swift in Sources */,
				2AAE366C1F60510D00FDEA96 /* Regex.swift in Sources */,
				2ACF56701F7ABA16007689D9 /* NotificationCell.swift in Sources */,
				2AA77A981F85617F009C2625 /* UserController.swift in Sources */,
				2AAE366B1F60510D00FDEA96 /* Parser.swift in Sources */,
				2AAE36561F60510D00FDEA96 /* HeroDebugPlugin.swift in Sources */,
				2AA77A9C1F8562CF009C2625 /* Validator.swift in Sources */,
				2AAE367D1F60510D00FDEA96 /* HeroTransition.swift in Sources */,
				2AAE366E1F60510D00FDEA96 /* CascadePreprocessor.swift in Sources */,
				2AAE36711F60510D00FDEA96 /* IgnoreSubviewModifiersPreprocessor.swift in Sources */,
				2AAE36741F60510D00FDEA96 /* HeroProgressRunner.swift in Sources */,
				2AAE36641F60510D00FDEA96 /* HeroTargetState.swift in Sources */,
				2AA77A9E1F856866009C2625 /* UserDefaults.swift in Sources */,
				2AAE36721F60510D00FDEA96 /* MatchPreprocessor.swift in Sources */,
				2AAE36521F60510D00FDEA96 /* HeroAnimatorViewContext.swift in Sources */,
				2AAE36571F60510D00FDEA96 /* HeroDebugView.swift in Sources */,
				2AAE36691F60510D00FDEA96 /* Lexer.swift in Sources */,
				2AAE366F1F60510D00FDEA96 /* ConditionalPreprocessor.swift in Sources */,
				2AAE367E1F60510D00FDEA96 /* HeroTransitionState.swift in Sources */,
				2A9AFA4A1F4F4DC600B86F49 /* AppDelegate.swift in Sources */,
				2A5BEEE61F75465F00D5009C /* ProfileVC.swift in Sources */,
				2AAE36601F60510D00FDEA96 /* HeroContext.swift in Sources */,
				2AAE365B1F60510D00FDEA96 /* CG+Hero.swift in Sources */,
				2A7CFF231F6B140800434E2D /* TabBarVC.swift in Sources */,
				2AA77A9A1F8561DD009C2625 /* User.swift in Sources */,
				2A4F57781F76BCB40043A231 /* ExploreSectionHeaderView.swift in Sources */,
				2AAE366A1F60510D00FDEA96 /* Nodes.swift in Sources */,
				2AAE36701F60510D00FDEA96 /* DefaultAnimationPreprocessor.swift in Sources */,
			);
			runOnlyForDeploymentPostprocessing = 0;
		};
/* End PBXSourcesBuildPhase section */

/* Begin PBXVariantGroup section */
		2A9AFA4D1F4F4DC600B86F49 /* Main.storyboard */ = {
			isa = PBXVariantGroup;
			children = (
				2A9AFA4E1F4F4DC600B86F49 /* Base */,
			);
			name = Main.storyboard;
			sourceTree = "<group>";
		};
		2A9AFA521F4F4DC600B86F49 /* LaunchScreen.storyboard */ = {
			isa = PBXVariantGroup;
			children = (
				2A9AFA531F4F4DC600B86F49 /* Base */,
			);
			name = LaunchScreen.storyboard;
			sourceTree = "<group>";
		};
/* End PBXVariantGroup section */

/* Begin XCBuildConfiguration section */
		2A9AFA561F4F4DC600B86F49 /* Debug */ = {
			isa = XCBuildConfiguration;
			buildSettings = {
				ALWAYS_SEARCH_USER_PATHS = NO;
				CLANG_ANALYZER_NONNULL = YES;
				CLANG_ANALYZER_NUMBER_OBJECT_CONVERSION = YES_AGGRESSIVE;
				CLANG_CXX_LANGUAGE_STANDARD = "gnu++0x";
				CLANG_CXX_LIBRARY = "libc++";
				CLANG_ENABLE_MODULES = YES;
				CLANG_ENABLE_OBJC_ARC = YES;
				CLANG_WARN_BOOL_CONVERSION = YES;
				CLANG_WARN_CONSTANT_CONVERSION = YES;
				CLANG_WARN_DIRECT_OBJC_ISA_USAGE = YES_ERROR;
				CLANG_WARN_DOCUMENTATION_COMMENTS = YES;
				CLANG_WARN_EMPTY_BODY = YES;
				CLANG_WARN_ENUM_CONVERSION = YES;
				CLANG_WARN_INFINITE_RECURSION = YES;
				CLANG_WARN_INT_CONVERSION = YES;
				CLANG_WARN_OBJC_ROOT_CLASS = YES_ERROR;
				CLANG_WARN_SUSPICIOUS_MOVE = YES;
				CLANG_WARN_UNREACHABLE_CODE = YES;
				CLANG_WARN__DUPLICATE_METHOD_MATCH = YES;
				"CODE_SIGN_IDENTITY[sdk=iphoneos*]" = "iPhone Developer";
				COPY_PHASE_STRIP = NO;
				DEBUG_INFORMATION_FORMAT = dwarf;
				ENABLE_STRICT_OBJC_MSGSEND = YES;
				ENABLE_TESTABILITY = YES;
				GCC_C_LANGUAGE_STANDARD = gnu99;
				GCC_DYNAMIC_NO_PIC = NO;
				GCC_NO_COMMON_BLOCKS = YES;
				GCC_OPTIMIZATION_LEVEL = 0;
				GCC_PREPROCESSOR_DEFINITIONS = (
					"DEBUG=1",
					"$(inherited)",
				);
				GCC_WARN_64_TO_32_BIT_CONVERSION = YES;
				GCC_WARN_ABOUT_RETURN_TYPE = YES_ERROR;
				GCC_WARN_UNDECLARED_SELECTOR = YES;
				GCC_WARN_UNINITIALIZED_AUTOS = YES_AGGRESSIVE;
				GCC_WARN_UNUSED_FUNCTION = YES;
				GCC_WARN_UNUSED_VARIABLE = YES;
				IPHONEOS_DEPLOYMENT_TARGET = 10.3;
				MTL_ENABLE_DEBUG_INFO = YES;
				ONLY_ACTIVE_ARCH = YES;
				SDKROOT = iphoneos;
				SWIFT_ACTIVE_COMPILATION_CONDITIONS = DEBUG;
				SWIFT_OPTIMIZATION_LEVEL = "-Onone";
			};
			name = Debug;
		};
		2A9AFA571F4F4DC600B86F49 /* Release */ = {
			isa = XCBuildConfiguration;
			buildSettings = {
				ALWAYS_SEARCH_USER_PATHS = NO;
				CLANG_ANALYZER_NONNULL = YES;
				CLANG_ANALYZER_NUMBER_OBJECT_CONVERSION = YES_AGGRESSIVE;
				CLANG_CXX_LANGUAGE_STANDARD = "gnu++0x";
				CLANG_CXX_LIBRARY = "libc++";
				CLANG_ENABLE_MODULES = YES;
				CLANG_ENABLE_OBJC_ARC = YES;
				CLANG_WARN_BOOL_CONVERSION = YES;
				CLANG_WARN_CONSTANT_CONVERSION = YES;
				CLANG_WARN_DIRECT_OBJC_ISA_USAGE = YES_ERROR;
				CLANG_WARN_DOCUMENTATION_COMMENTS = YES;
				CLANG_WARN_EMPTY_BODY = YES;
				CLANG_WARN_ENUM_CONVERSION = YES;
				CLANG_WARN_INFINITE_RECURSION = YES;
				CLANG_WARN_INT_CONVERSION = YES;
				CLANG_WARN_OBJC_ROOT_CLASS = YES_ERROR;
				CLANG_WARN_SUSPICIOUS_MOVE = YES;
				CLANG_WARN_UNREACHABLE_CODE = YES;
				CLANG_WARN__DUPLICATE_METHOD_MATCH = YES;
				"CODE_SIGN_IDENTITY[sdk=iphoneos*]" = "iPhone Developer";
				COPY_PHASE_STRIP = NO;
				DEBUG_INFORMATION_FORMAT = "dwarf-with-dsym";
				ENABLE_NS_ASSERTIONS = NO;
				ENABLE_STRICT_OBJC_MSGSEND = YES;
				GCC_C_LANGUAGE_STANDARD = gnu99;
				GCC_NO_COMMON_BLOCKS = YES;
				GCC_WARN_64_TO_32_BIT_CONVERSION = YES;
				GCC_WARN_ABOUT_RETURN_TYPE = YES_ERROR;
				GCC_WARN_UNDECLARED_SELECTOR = YES;
				GCC_WARN_UNINITIALIZED_AUTOS = YES_AGGRESSIVE;
				GCC_WARN_UNUSED_FUNCTION = YES;
				GCC_WARN_UNUSED_VARIABLE = YES;
				IPHONEOS_DEPLOYMENT_TARGET = 10.3;
				MTL_ENABLE_DEBUG_INFO = NO;
				SDKROOT = iphoneos;
				SWIFT_OPTIMIZATION_LEVEL = "-Owholemodule";
				VALIDATE_PRODUCT = YES;
			};
			name = Release;
		};
		2A9AFA591F4F4DC600B86F49 /* Debug */ = {
			isa = XCBuildConfiguration;
			baseConfigurationReference = 57F0175D7FE62023A86E28FC /* Pods-Telepic.debug.xcconfig */;
			buildSettings = {
				ASSETCATALOG_COMPILER_APPICON_NAME = AppIcon;
				DEVELOPMENT_TEAM = 88M8AT4J5D;
				FRAMEWORK_SEARCH_PATHS = (
					"$(inherited)",
					"$(PROJECT_DIR)",
				);
				INFOPLIST_FILE = Telepic/Info.plist;
				IPHONEOS_DEPLOYMENT_TARGET = 10.3;
				LD_RUNPATH_SEARCH_PATHS = "$(inherited) @executable_path/Frameworks";
				PRODUCT_BUNDLE_IDENTIFIER = com.TelepicLLC.Telepic;
				PRODUCT_NAME = "$(TARGET_NAME)";
				SWIFT_VERSION = 3.0;
			};
			name = Debug;
		};
		2A9AFA5A1F4F4DC600B86F49 /* Release */ = {
			isa = XCBuildConfiguration;
			baseConfigurationReference = 853CCFC10405AAC95016F671 /* Pods-Telepic.release.xcconfig */;
			buildSettings = {
				ASSETCATALOG_COMPILER_APPICON_NAME = AppIcon;
				DEVELOPMENT_TEAM = 88M8AT4J5D;
				FRAMEWORK_SEARCH_PATHS = (
					"$(inherited)",
					"$(PROJECT_DIR)",
				);
				INFOPLIST_FILE = Telepic/Info.plist;
				IPHONEOS_DEPLOYMENT_TARGET = 10.3;
				LD_RUNPATH_SEARCH_PATHS = "$(inherited) @executable_path/Frameworks";
				PRODUCT_BUNDLE_IDENTIFIER = com.TelepicLLC.Telepic;
				PRODUCT_NAME = "$(TARGET_NAME)";
				SWIFT_VERSION = 3.0;
			};
			name = Release;
		};
/* End XCBuildConfiguration section */

/* Begin XCConfigurationList section */
		2A9AFA411F4F4DC600B86F49 /* Build configuration list for PBXProject "Telepic" */ = {
			isa = XCConfigurationList;
			buildConfigurations = (
				2A9AFA561F4F4DC600B86F49 /* Debug */,
				2A9AFA571F4F4DC600B86F49 /* Release */,
			);
			defaultConfigurationIsVisible = 0;
			defaultConfigurationName = Release;
		};
		2A9AFA581F4F4DC600B86F49 /* Build configuration list for PBXNativeTarget "Telepic" */ = {
			isa = XCConfigurationList;
			buildConfigurations = (
				2A9AFA591F4F4DC600B86F49 /* Debug */,
				2A9AFA5A1F4F4DC600B86F49 /* Release */,
			);
			defaultConfigurationIsVisible = 0;
			defaultConfigurationName = Release;
		};
/* End XCConfigurationList section */
	};
	rootObject = 2A9AFA3E1F4F4DC600B86F49 /* Project object */;
}
