// !$*UTF8*$!
{
	archiveVersion = 1;
	classes = {
	};
	objectVersion = 46;
	objects = {

/* Begin PBXBuildFile section */
		2A02B7B31FBDEAFE003B4366 /* FriendListVC.swift in Sources */ = {isa = PBXBuildFile; fileRef = 2A02B7B21FBDEAFE003B4366 /* FriendListVC.swift */; };
		2A0474852003D96A00F4DE75 /* AddFBFriendsVC.swift in Sources */ = {isa = PBXBuildFile; fileRef = 2A0474842003D96A00F4DE75 /* AddFBFriendsVC.swift */; };
		2A06DBFD1F5D967900824E62 /* GoogleService-Info.plist in Resources */ = {isa = PBXBuildFile; fileRef = 2A06DBFC1F5D967900824E62 /* GoogleService-Info.plist */; };
		2A06DBFF1F5DA4AE00824E62 /* LoginVC.swift in Sources */ = {isa = PBXBuildFile; fileRef = 2A06DBFE1F5DA4AE00824E62 /* LoginVC.swift */; };
		2A06DC011F5DA6BA00824E62 /* EmailLoginVC.swift in Sources */ = {isa = PBXBuildFile; fileRef = 2A06DC001F5DA6BA00824E62 /* EmailLoginVC.swift */; };
		2A06DC131F5DE18900824E62 /* Nunito-Black.ttf in Resources */ = {isa = PBXBuildFile; fileRef = 2A06DC041F5DE18900824E62 /* Nunito-Black.ttf */; };
		2A06DC141F5DE18900824E62 /* Nunito-BlackItalic.ttf in Resources */ = {isa = PBXBuildFile; fileRef = 2A06DC051F5DE18900824E62 /* Nunito-BlackItalic.ttf */; };
		2A06DC151F5DE18900824E62 /* Nunito-Bold.ttf in Resources */ = {isa = PBXBuildFile; fileRef = 2A06DC061F5DE18900824E62 /* Nunito-Bold.ttf */; };
		2A06DC161F5DE18900824E62 /* Nunito-BoldItalic.ttf in Resources */ = {isa = PBXBuildFile; fileRef = 2A06DC071F5DE18900824E62 /* Nunito-BoldItalic.ttf */; };
		2A06DC171F5DE18900824E62 /* Nunito-ExtraBold.ttf in Resources */ = {isa = PBXBuildFile; fileRef = 2A06DC081F5DE18900824E62 /* Nunito-ExtraBold.ttf */; };
		2A06DC181F5DE18900824E62 /* Nunito-ExtraBoldItalic.ttf in Resources */ = {isa = PBXBuildFile; fileRef = 2A06DC091F5DE18900824E62 /* Nunito-ExtraBoldItalic.ttf */; };
		2A06DC191F5DE18900824E62 /* Nunito-ExtraLight.ttf in Resources */ = {isa = PBXBuildFile; fileRef = 2A06DC0A1F5DE18900824E62 /* Nunito-ExtraLight.ttf */; };
		2A06DC1A1F5DE18900824E62 /* Nunito-ExtraLightItalic.ttf in Resources */ = {isa = PBXBuildFile; fileRef = 2A06DC0B1F5DE18900824E62 /* Nunito-ExtraLightItalic.ttf */; };
		2A06DC1B1F5DE18900824E62 /* Nunito-Italic.ttf in Resources */ = {isa = PBXBuildFile; fileRef = 2A06DC0C1F5DE18900824E62 /* Nunito-Italic.ttf */; };
		2A06DC1C1F5DE18900824E62 /* Nunito-Light.ttf in Resources */ = {isa = PBXBuildFile; fileRef = 2A06DC0D1F5DE18900824E62 /* Nunito-Light.ttf */; };
		2A06DC1D1F5DE18900824E62 /* Nunito-LightItalic.ttf in Resources */ = {isa = PBXBuildFile; fileRef = 2A06DC0E1F5DE18900824E62 /* Nunito-LightItalic.ttf */; };
		2A06DC1E1F5DE18900824E62 /* Nunito-Regular.ttf in Resources */ = {isa = PBXBuildFile; fileRef = 2A06DC0F1F5DE18900824E62 /* Nunito-Regular.ttf */; };
		2A06DC1F1F5DE18900824E62 /* Nunito-SemiBold.ttf in Resources */ = {isa = PBXBuildFile; fileRef = 2A06DC101F5DE18900824E62 /* Nunito-SemiBold.ttf */; };
		2A06DC201F5DE18900824E62 /* Nunito-SemiBoldItalic.ttf in Resources */ = {isa = PBXBuildFile; fileRef = 2A06DC111F5DE18900824E62 /* Nunito-SemiBoldItalic.ttf */; };
		2A116EC61FB4DA06004B6338 /* TabBarController.swift in Sources */ = {isa = PBXBuildFile; fileRef = 2A116EC51FB4DA06004B6338 /* TabBarController.swift */; };
		2A2B4D351F86A5D400D98F78 /* CoreLocation.framework in Frameworks */ = {isa = PBXBuildFile; fileRef = 2A2B4D341F86A5D400D98F78 /* CoreLocation.framework */; };
		2A2B4D371F86A5DF00D98F78 /* MapKit.framework in Frameworks */ = {isa = PBXBuildFile; fileRef = 2A2B4D361F86A5DF00D98F78 /* MapKit.framework */; };
		2A2B4D391F86A60B00D98F78 /* AddressBookUI.framework in Frameworks */ = {isa = PBXBuildFile; fileRef = 2A2B4D381F86A60B00D98F78 /* AddressBookUI.framework */; };
		2A2B4D3B1F86A64200D98F78 /* Map.storyboard in Resources */ = {isa = PBXBuildFile; fileRef = 2A2B4D3A1F86A64200D98F78 /* Map.storyboard */; };
		2A2B4D3D1F86A6F500D98F78 /* MapVC.swift in Sources */ = {isa = PBXBuildFile; fileRef = 2A2B4D3C1F86A6F500D98F78 /* MapVC.swift */; };
		2A2B4D3F1F86B13300D98F78 /* FirebaseController.swift in Sources */ = {isa = PBXBuildFile; fileRef = 2A2B4D3E1F86B13300D98F78 /* FirebaseController.swift */; };
		2A3221F71FB391E90023F68E /* CustomPushTransition.swift in Sources */ = {isa = PBXBuildFile; fileRef = 2A3221F61FB391E90023F68E /* CustomPushTransition.swift */; };
		2A3221F91FB392170023F68E /* CustomPopTransition.swift in Sources */ = {isa = PBXBuildFile; fileRef = 2A3221F81FB392170023F68E /* CustomPopTransition.swift */; };
		2A3221FB1FB395B20023F68E /* CustomInteractor.swift in Sources */ = {isa = PBXBuildFile; fileRef = 2A3221FA1FB395B20023F68E /* CustomInteractor.swift */; };
		2A331EDB1FDB010B00C78BAA /* Filter.swift in Sources */ = {isa = PBXBuildFile; fileRef = 2A331EDA1FDB010B00C78BAA /* Filter.swift */; };
		2A331EDD1FDB012F00C78BAA /* FilterCollectionViewCell.swift in Sources */ = {isa = PBXBuildFile; fileRef = 2A331EDC1FDB012F00C78BAA /* FilterCollectionViewCell.swift */; };
		2A331EDF1FDB014C00C78BAA /* FilterPreview.swift in Sources */ = {isa = PBXBuildFile; fileRef = 2A331EDE1FDB014C00C78BAA /* FilterPreview.swift */; };
		2A331EE11FDB016700C78BAA /* FiltersVC.swift in Sources */ = {isa = PBXBuildFile; fileRef = 2A331EE01FDB016700C78BAA /* FiltersVC.swift */; };
		2A331EE31FDB019000C78BAA /* FiltersView.swift in Sources */ = {isa = PBXBuildFile; fileRef = 2A331EE21FDB019000C78BAA /* FiltersView.swift */; };
		2A37A35C1F915E35009354ED /* VideoVC.swift in Sources */ = {isa = PBXBuildFile; fileRef = 2A37A35B1F915E35009354ED /* VideoVC.swift */; };
		2A37A35E1F915ECA009354ED /* PhotoVC.swift in Sources */ = {isa = PBXBuildFile; fileRef = 2A37A35D1F915ECA009354ED /* PhotoVC.swift */; };
		2A3A963B1FD5ACCA00BC1D19 /* ZoomTransitioningDelegate.swift in Sources */ = {isa = PBXBuildFile; fileRef = 2A3A963A1FD5ACCA00BC1D19 /* ZoomTransitioningDelegate.swift */; };
		2A4044381FBF72AC00A5385D /* ForwardListVC.swift in Sources */ = {isa = PBXBuildFile; fileRef = 2A4044371FBF72AC00A5385D /* ForwardListVC.swift */; };
		2A483A261FAA4A6C00C899A4 /* GroupsVC.swift in Sources */ = {isa = PBXBuildFile; fileRef = 2A483A251FAA4A6C00C899A4 /* GroupsVC.swift */; };
		2A4C82DB1F8BDF1900916069 /* UserSettings.swift in Sources */ = {isa = PBXBuildFile; fileRef = 2A4C82DA1F8BDF1900916069 /* UserSettings.swift */; };
		2A4C82DD1F8D190E00916069 /* Notifications.swift in Sources */ = {isa = PBXBuildFile; fileRef = 2A4C82DC1F8D190E00916069 /* Notifications.swift */; };
		2A4F57751F76BC7E0043A231 /* ExploreVC.swift in Sources */ = {isa = PBXBuildFile; fileRef = 2A4F57741F76BC7E0043A231 /* ExploreVC.swift */; };
		2A4F57781F76BCB40043A231 /* ExploreSectionHeaderView.swift in Sources */ = {isa = PBXBuildFile; fileRef = 2A4F57761F76BCB40043A231 /* ExploreSectionHeaderView.swift */; };
		2A4F57791F76BCB40043A231 /* ExploreSectionHeaderView.xib in Resources */ = {isa = PBXBuildFile; fileRef = 2A4F57771F76BCB40043A231 /* ExploreSectionHeaderView.xib */; };
		2A4F577B1F76BD090043A231 /* CategoryRowCell.swift in Sources */ = {isa = PBXBuildFile; fileRef = 2A4F577A1F76BD090043A231 /* CategoryRowCell.swift */; };
		2A5475161FB3684100FDFF69 /* LoginContainerVC.swift in Sources */ = {isa = PBXBuildFile; fileRef = 2A5475151FB3684100FDFF69 /* LoginContainerVC.swift */; };
		2A5475181FB36C1B00FDFF69 /* Identifiers.swift in Sources */ = {isa = PBXBuildFile; fileRef = 2A5475171FB36C1B00FDFF69 /* Identifiers.swift */; };
		2A57CEFE1FB51418006FCEE4 /* CustomNavigationController.swift in Sources */ = {isa = PBXBuildFile; fileRef = 2A57CEFD1FB51418006FCEE4 /* CustomNavigationController.swift */; };
		2A5BEEE61F75465F00D5009C /* ProfileVC.swift in Sources */ = {isa = PBXBuildFile; fileRef = 2A5BEEE51F75465F00D5009C /* ProfileVC.swift */; };
		2A6121781F9287B000C430A3 /* Friend.swift in Sources */ = {isa = PBXBuildFile; fileRef = 2A6121771F9287B000C430A3 /* Friend.swift */; };
		2A66C5501FACC19300F4C512 /* GroupDetailVC.swift in Sources */ = {isa = PBXBuildFile; fileRef = 2A66C54F1FACC19300F4C512 /* GroupDetailVC.swift */; };
		2A66C5521FACC75B00F4C512 /* SelectFriendsVC.swift in Sources */ = {isa = PBXBuildFile; fileRef = 2A66C5511FACC75B00F4C512 /* SelectFriendsVC.swift */; };
		2A66C5541FACC77900F4C512 /* SelectGroupsVC.swift in Sources */ = {isa = PBXBuildFile; fileRef = 2A66C5531FACC77900F4C512 /* SelectGroupsVC.swift */; };
		2A66C5561FACCEB400F4C512 /* SendPageVC.swift in Sources */ = {isa = PBXBuildFile; fileRef = 2A66C5551FACCEB400F4C512 /* SendPageVC.swift */; };
		2A6BDFEC1FBA1F9B00B0B6AD /* VideoPreviewVC.swift in Sources */ = {isa = PBXBuildFile; fileRef = 2A6BDFEB1FBA1F9B00B0B6AD /* VideoPreviewVC.swift */; };
		2A6BDFEE1FBA259C00B0B6AD /* CaptionVC.swift in Sources */ = {isa = PBXBuildFile; fileRef = 2A6BDFED1FBA259C00B0B6AD /* CaptionVC.swift */; };
		2A712D5C1FC488E700495637 /* Forwarder.swift in Sources */ = {isa = PBXBuildFile; fileRef = 2A712D5B1FC488E700495637 /* Forwarder.swift */; };
		2A712D5E1FC48BA800495637 /* ForwarderCell.swift in Sources */ = {isa = PBXBuildFile; fileRef = 2A712D5D1FC48BA800495637 /* ForwarderCell.swift */; };
		2A7CFF191F6AD78000434E2D /* Home.storyboard in Resources */ = {isa = PBXBuildFile; fileRef = 2A7CFF181F6AD78000434E2D /* Home.storyboard */; };
		2A7CFF1B1F6B09AB00434E2D /* Explore.storyboard in Resources */ = {isa = PBXBuildFile; fileRef = 2A7CFF1A1F6B09AB00434E2D /* Explore.storyboard */; };
		2A7CFF1D1F6B0BBA00434E2D /* Camera.storyboard in Resources */ = {isa = PBXBuildFile; fileRef = 2A7CFF1C1F6B0BBA00434E2D /* Camera.storyboard */; };
		2A7CFF1F1F6B0BC700434E2D /* Notifications.storyboard in Resources */ = {isa = PBXBuildFile; fileRef = 2A7CFF1E1F6B0BC700434E2D /* Notifications.storyboard */; };
		2A7CFF211F6B0BD300434E2D /* Profile.storyboard in Resources */ = {isa = PBXBuildFile; fileRef = 2A7CFF201F6B0BD300434E2D /* Profile.storyboard */; };
		2A849AF91FA37EA600861DE9 /* MediaView.storyboard in Resources */ = {isa = PBXBuildFile; fileRef = 2A849AF81FA37EA600861DE9 /* MediaView.storyboard */; };
		2A849AFB1FA37EEF00861DE9 /* MediaViewVC.swift in Sources */ = {isa = PBXBuildFile; fileRef = 2A849AFA1FA37EEF00861DE9 /* MediaViewVC.swift */; };
		2A849AFD1FA3A4F600861DE9 /* ImageAnimator.swift in Sources */ = {isa = PBXBuildFile; fileRef = 2A849AFC1FA3A4F600861DE9 /* ImageAnimator.swift */; };
		2A8775D91F9128FE007BE0FE /* FriendRequest.swift in Sources */ = {isa = PBXBuildFile; fileRef = 2A8775D81F9128FE007BE0FE /* FriendRequest.swift */; };
		2A9AFA4A1F4F4DC600B86F49 /* AppDelegate.swift in Sources */ = {isa = PBXBuildFile; fileRef = 2A9AFA491F4F4DC600B86F49 /* AppDelegate.swift */; };
		2A9AFA4F1F4F4DC600B86F49 /* Main.storyboard in Resources */ = {isa = PBXBuildFile; fileRef = 2A9AFA4D1F4F4DC600B86F49 /* Main.storyboard */; };
		2A9AFA511F4F4DC600B86F49 /* Assets.xcassets in Resources */ = {isa = PBXBuildFile; fileRef = 2A9AFA501F4F4DC600B86F49 /* Assets.xcassets */; };
		2A9AFA541F4F4DC600B86F49 /* LaunchScreen.storyboard in Resources */ = {isa = PBXBuildFile; fileRef = 2A9AFA521F4F4DC600B86F49 /* LaunchScreen.storyboard */; };
		2AA4BFD01FB4E17F00198D55 /* ImagePickerVC.swift in Sources */ = {isa = PBXBuildFile; fileRef = 2AA4BFCF1FB4E17F00198D55 /* ImagePickerVC.swift */; };
		2AA77A981F85617F009C2625 /* UserController.swift in Sources */ = {isa = PBXBuildFile; fileRef = 2AA77A971F85617F009C2625 /* UserController.swift */; };
		2AA77A9A1F8561DD009C2625 /* User.swift in Sources */ = {isa = PBXBuildFile; fileRef = 2AA77A991F8561DD009C2625 /* User.swift */; };
		2AA77A9C1F8562CF009C2625 /* Validator.swift in Sources */ = {isa = PBXBuildFile; fileRef = 2AA77A9B1F8562CF009C2625 /* Validator.swift */; };
		2AABB6FA1F70536300BF3432 /* InboxCell.swift in Sources */ = {isa = PBXBuildFile; fileRef = 2AABB6F91F70536300BF3432 /* InboxCell.swift */; };
		2AABB6FC1F70544600BF3432 /* InboxVC.swift in Sources */ = {isa = PBXBuildFile; fileRef = 2AABB6FB1F70544600BF3432 /* InboxVC.swift */; };
		2AABB7011F7055EF00BF3432 /* InboxItem.swift in Sources */ = {isa = PBXBuildFile; fileRef = 2AABB7001F7055EF00BF3432 /* InboxItem.swift */; };
		2AAE36131F5EF38400FDEA96 /* ExistingAccountPWInputVC.swift in Sources */ = {isa = PBXBuildFile; fileRef = 2AAE36121F5EF38400FDEA96 /* ExistingAccountPWInputVC.swift */; };
		2AAE36151F5EF3C100FDEA96 /* NewAccountPWInputVC.swift in Sources */ = {isa = PBXBuildFile; fileRef = 2AAE36141F5EF3C100FDEA96 /* NewAccountPWInputVC.swift */; };
		2AAE36171F5F026800FDEA96 /* CreateUsernameVC.swift in Sources */ = {isa = PBXBuildFile; fileRef = 2AAE36161F5F026800FDEA96 /* CreateUsernameVC.swift */; };
		2AAE361C1F604CE000FDEA96 /* FBFriendCell.swift in Sources */ = {isa = PBXBuildFile; fileRef = 2AAE361B1F604CE000FDEA96 /* FBFriendCell.swift */; };
		2AB8D3561FE831C500089466 /* InviteFriendsVC.swift in Sources */ = {isa = PBXBuildFile; fileRef = 2AB8D3551FE831C500089466 /* InviteFriendsVC.swift */; };
		2AB8F98A1FA0DA5900958036 /* ForwardsVC.swift in Sources */ = {isa = PBXBuildFile; fileRef = 2AB8F9891FA0DA5900958036 /* ForwardsVC.swift */; };
		2AB8F98C1FA0DB8300958036 /* TabChildVC.swift in Sources */ = {isa = PBXBuildFile; fileRef = 2AB8F98B1FA0DB8300958036 /* TabChildVC.swift */; };
		2AB8F98E1FA0DCCC00958036 /* TabVC.swift in Sources */ = {isa = PBXBuildFile; fileRef = 2AB8F98D1FA0DCCC00958036 /* TabVC.swift */; };
		2ABFF1891F8D6310008E4026 /* AddFriendVC.swift in Sources */ = {isa = PBXBuildFile; fileRef = 2ABFF1881F8D6310008E4026 /* AddFriendVC.swift */; };
		2ABFF18B1F8D63B9008E4026 /* AddFriendCell.swift in Sources */ = {isa = PBXBuildFile; fileRef = 2ABFF18A1F8D63B9008E4026 /* AddFriendCell.swift */; };
		2ABFF18D1F8E6FF6008E4026 /* SearchableUser.swift in Sources */ = {isa = PBXBuildFile; fileRef = 2ABFF18C1F8E6FF6008E4026 /* SearchableUser.swift */; };
		2AC30EA61FA783DB005BF3AD /* CommentCell.swift in Sources */ = {isa = PBXBuildFile; fileRef = 2AC30EA51FA783DB005BF3AD /* CommentCell.swift */; };
		2ACD56211F9A567B0066431E /* Upload.swift in Sources */ = {isa = PBXBuildFile; fileRef = 2ACD56201F9A567B0066431E /* Upload.swift */; };
		2ACF56671F7AA2CB007689D9 /* ThumbnailCell.swift in Sources */ = {isa = PBXBuildFile; fileRef = 2ACF56651F7AA2CB007689D9 /* ThumbnailCell.swift */; };
		2ACF56681F7AA2CB007689D9 /* ThumbnailCell.xib in Resources */ = {isa = PBXBuildFile; fileRef = 2ACF56661F7AA2CB007689D9 /* ThumbnailCell.xib */; };
		2ACF566A1F7AA933007689D9 /* StartAMovementCell.swift in Sources */ = {isa = PBXBuildFile; fileRef = 2ACF56691F7AA933007689D9 /* StartAMovementCell.swift */; };
		2ACF566C1F7AB06F007689D9 /* Constant.swift in Sources */ = {isa = PBXBuildFile; fileRef = 2ACF566B1F7AB06F007689D9 /* Constant.swift */; };
		2ACF566E1F7AB9DE007689D9 /* NotificationsVC.swift in Sources */ = {isa = PBXBuildFile; fileRef = 2ACF566D1F7AB9DE007689D9 /* NotificationsVC.swift */; };
		2ACF56701F7ABA16007689D9 /* NotificationCell.swift in Sources */ = {isa = PBXBuildFile; fileRef = 2ACF566F1F7ABA16007689D9 /* NotificationCell.swift */; };
		2AD298D21F9E4CB90048E29E /* UserAnnotation.swift in Sources */ = {isa = PBXBuildFile; fileRef = 2AD298D11F9E4CB90048E29E /* UserAnnotation.swift */; };
		2AD298D41F9E5D200048E29E /* UserAnnotationView.swift in Sources */ = {isa = PBXBuildFile; fileRef = 2AD298D31F9E5D200048E29E /* UserAnnotationView.swift */; };
		2AD298D61F9E82CC0048E29E /* Comments.storyboard in Resources */ = {isa = PBXBuildFile; fileRef = 2AD298D51F9E82CC0048E29E /* Comments.storyboard */; };
		2AD298D81F9E83C10048E29E /* CommentsVC.swift in Sources */ = {isa = PBXBuildFile; fileRef = 2AD298D71F9E83C10048E29E /* CommentsVC.swift */; };
		2AD298DA1F9E8CA20048E29E /* MediaItem.swift in Sources */ = {isa = PBXBuildFile; fileRef = 2AD298D91F9E8CA20048E29E /* MediaItem.swift */; };
		2AD3C8151F61ABC700DD16D3 /* ConnectOrSkipVC.swift in Sources */ = {isa = PBXBuildFile; fileRef = 2AD3C8141F61ABC700DD16D3 /* ConnectOrSkipVC.swift */; };
		2AD3C8171F61B3CE00DD16D3 /* Extensions.swift in Sources */ = {isa = PBXBuildFile; fileRef = 2AD3C8161F61B3CE00DD16D3 /* Extensions.swift */; };
		2ADC73AE1FA11BE3004895C7 /* EventNotification.swift in Sources */ = {isa = PBXBuildFile; fileRef = 2ADC73AD1FA11BE3004895C7 /* EventNotification.swift */; };
		2ADC73B01FA25F06004895C7 /* TabBarVC.swift in Sources */ = {isa = PBXBuildFile; fileRef = 2ADC73AF1FA25F06004895C7 /* TabBarVC.swift */; };
		2ADD59AB1FAB82BE002FADB1 /* CreateGroupVC.swift in Sources */ = {isa = PBXBuildFile; fileRef = 2ADD59AA1FAB82BE002FADB1 /* CreateGroupVC.swift */; };
		2ADD59AD1FAB82E7002FADB1 /* CreateGroupPageVC.swift in Sources */ = {isa = PBXBuildFile; fileRef = 2ADD59AC1FAB82E7002FADB1 /* CreateGroupPageVC.swift */; };
		2ADD59AF1FAB830C002FADB1 /* SelectMembersVC.swift in Sources */ = {isa = PBXBuildFile; fileRef = 2ADD59AE1FAB830C002FADB1 /* SelectMembersVC.swift */; };
		2ADD59B11FAB8330002FADB1 /* NameGroupVC.swift in Sources */ = {isa = PBXBuildFile; fileRef = 2ADD59B01FAB8330002FADB1 /* NameGroupVC.swift */; };
		2ADD59B31FAB8446002FADB1 /* MemberCell.swift in Sources */ = {isa = PBXBuildFile; fileRef = 2ADD59B21FAB8446002FADB1 /* MemberCell.swift */; };
		2ADD59B51FABBE20002FADB1 /* GroupCell.swift in Sources */ = {isa = PBXBuildFile; fileRef = 2ADD59B41FABBE20002FADB1 /* GroupCell.swift */; };
		2ADD59B71FABBEBE002FADB1 /* AvatarCell.swift in Sources */ = {isa = PBXBuildFile; fileRef = 2ADD59B61FABBEBE002FADB1 /* AvatarCell.swift */; };
		2ADD59B91FABC1E0002FADB1 /* Group.swift in Sources */ = {isa = PBXBuildFile; fileRef = 2ADD59B81FABC1E0002FADB1 /* Group.swift */; };
		2AE61F221FACF4DF00D0303B /* SettingsVC.swift in Sources */ = {isa = PBXBuildFile; fileRef = 2AE61F211FACF4DF00D0303B /* SettingsVC.swift */; };
		2AE61F241FACFADE00D0303B /* SettingsContainerVC.swift in Sources */ = {isa = PBXBuildFile; fileRef = 2AE61F231FACFADE00D0303B /* SettingsContainerVC.swift */; };
		2AE696D11FCCA1E9004CD493 /* EditProfileVC.swift in Sources */ = {isa = PBXBuildFile; fileRef = 2AE696D01FCCA1E9004CD493 /* EditProfileVC.swift */; };
		2AE9BDEB1F9690F2007CCF50 /* SendVC.swift in Sources */ = {isa = PBXBuildFile; fileRef = 2AE9BDEA1F9690F2007CCF50 /* SendVC.swift */; };
		2AE9BDED1F969945007CCF50 /* FriendCell.swift in Sources */ = {isa = PBXBuildFile; fileRef = 2AE9BDEC1F969945007CCF50 /* FriendCell.swift */; };
		2C92C96832E4CC561850D46E /* Pods_Telepic.framework in Frameworks */ = {isa = PBXBuildFile; fileRef = C5541979CB7346D8B9127109 /* Pods_Telepic.framework */; };
/* End PBXBuildFile section */

/* Begin PBXCopyFilesBuildPhase section */
		2A54750E1FB2222600FDFF69 /* Embed App Extensions */ = {
			isa = PBXCopyFilesBuildPhase;
			buildActionMask = 2147483647;
			dstPath = "";
			dstSubfolderSpec = 13;
			files = (
			);
			name = "Embed App Extensions";
			runOnlyForDeploymentPostprocessing = 0;
		};
/* End PBXCopyFilesBuildPhase section */

/* Begin PBXFileReference section */
		2A02B7B21FBDEAFE003B4366 /* FriendListVC.swift */ = {isa = PBXFileReference; lastKnownFileType = sourcecode.swift; path = FriendListVC.swift; sourceTree = "<group>"; };
		2A0474842003D96A00F4DE75 /* AddFBFriendsVC.swift */ = {isa = PBXFileReference; lastKnownFileType = sourcecode.swift; path = AddFBFriendsVC.swift; sourceTree = "<group>"; };
		2A06DBFC1F5D967900824E62 /* GoogleService-Info.plist */ = {isa = PBXFileReference; fileEncoding = 4; lastKnownFileType = text.plist.xml; path = "GoogleService-Info.plist"; sourceTree = "<group>"; };
		2A06DBFE1F5DA4AE00824E62 /* LoginVC.swift */ = {isa = PBXFileReference; fileEncoding = 4; lastKnownFileType = sourcecode.swift; path = LoginVC.swift; sourceTree = "<group>"; };
		2A06DC001F5DA6BA00824E62 /* EmailLoginVC.swift */ = {isa = PBXFileReference; fileEncoding = 4; lastKnownFileType = sourcecode.swift; path = EmailLoginVC.swift; sourceTree = "<group>"; };
		2A06DC041F5DE18900824E62 /* Nunito-Black.ttf */ = {isa = PBXFileReference; lastKnownFileType = file; path = "Nunito-Black.ttf"; sourceTree = "<group>"; };
		2A06DC051F5DE18900824E62 /* Nunito-BlackItalic.ttf */ = {isa = PBXFileReference; lastKnownFileType = file; path = "Nunito-BlackItalic.ttf"; sourceTree = "<group>"; };
		2A06DC061F5DE18900824E62 /* Nunito-Bold.ttf */ = {isa = PBXFileReference; lastKnownFileType = file; path = "Nunito-Bold.ttf"; sourceTree = "<group>"; };
		2A06DC071F5DE18900824E62 /* Nunito-BoldItalic.ttf */ = {isa = PBXFileReference; lastKnownFileType = file; path = "Nunito-BoldItalic.ttf"; sourceTree = "<group>"; };
		2A06DC081F5DE18900824E62 /* Nunito-ExtraBold.ttf */ = {isa = PBXFileReference; lastKnownFileType = file; path = "Nunito-ExtraBold.ttf"; sourceTree = "<group>"; };
		2A06DC091F5DE18900824E62 /* Nunito-ExtraBoldItalic.ttf */ = {isa = PBXFileReference; lastKnownFileType = file; path = "Nunito-ExtraBoldItalic.ttf"; sourceTree = "<group>"; };
		2A06DC0A1F5DE18900824E62 /* Nunito-ExtraLight.ttf */ = {isa = PBXFileReference; lastKnownFileType = file; path = "Nunito-ExtraLight.ttf"; sourceTree = "<group>"; };
		2A06DC0B1F5DE18900824E62 /* Nunito-ExtraLightItalic.ttf */ = {isa = PBXFileReference; lastKnownFileType = file; path = "Nunito-ExtraLightItalic.ttf"; sourceTree = "<group>"; };
		2A06DC0C1F5DE18900824E62 /* Nunito-Italic.ttf */ = {isa = PBXFileReference; lastKnownFileType = file; path = "Nunito-Italic.ttf"; sourceTree = "<group>"; };
		2A06DC0D1F5DE18900824E62 /* Nunito-Light.ttf */ = {isa = PBXFileReference; lastKnownFileType = file; path = "Nunito-Light.ttf"; sourceTree = "<group>"; };
		2A06DC0E1F5DE18900824E62 /* Nunito-LightItalic.ttf */ = {isa = PBXFileReference; lastKnownFileType = file; path = "Nunito-LightItalic.ttf"; sourceTree = "<group>"; };
		2A06DC0F1F5DE18900824E62 /* Nunito-Regular.ttf */ = {isa = PBXFileReference; lastKnownFileType = file; path = "Nunito-Regular.ttf"; sourceTree = "<group>"; };
		2A06DC101F5DE18900824E62 /* Nunito-SemiBold.ttf */ = {isa = PBXFileReference; lastKnownFileType = file; path = "Nunito-SemiBold.ttf"; sourceTree = "<group>"; };
		2A06DC111F5DE18900824E62 /* Nunito-SemiBoldItalic.ttf */ = {isa = PBXFileReference; lastKnownFileType = file; path = "Nunito-SemiBoldItalic.ttf"; sourceTree = "<group>"; };
		2A116EC51FB4DA06004B6338 /* TabBarController.swift */ = {isa = PBXFileReference; lastKnownFileType = sourcecode.swift; path = TabBarController.swift; sourceTree = "<group>"; };
		2A2B4D341F86A5D400D98F78 /* CoreLocation.framework */ = {isa = PBXFileReference; lastKnownFileType = wrapper.framework; name = CoreLocation.framework; path = System/Library/Frameworks/CoreLocation.framework; sourceTree = SDKROOT; };
		2A2B4D361F86A5DF00D98F78 /* MapKit.framework */ = {isa = PBXFileReference; lastKnownFileType = wrapper.framework; name = MapKit.framework; path = System/Library/Frameworks/MapKit.framework; sourceTree = SDKROOT; };
		2A2B4D381F86A60B00D98F78 /* AddressBookUI.framework */ = {isa = PBXFileReference; lastKnownFileType = wrapper.framework; name = AddressBookUI.framework; path = System/Library/Frameworks/AddressBookUI.framework; sourceTree = SDKROOT; };
		2A2B4D3A1F86A64200D98F78 /* Map.storyboard */ = {isa = PBXFileReference; lastKnownFileType = file.storyboard; path = Map.storyboard; sourceTree = "<group>"; };
		2A2B4D3C1F86A6F500D98F78 /* MapVC.swift */ = {isa = PBXFileReference; lastKnownFileType = sourcecode.swift; path = MapVC.swift; sourceTree = "<group>"; };
		2A2B4D3E1F86B13300D98F78 /* FirebaseController.swift */ = {isa = PBXFileReference; lastKnownFileType = sourcecode.swift; path = FirebaseController.swift; sourceTree = "<group>"; };
		2A3221F61FB391E90023F68E /* CustomPushTransition.swift */ = {isa = PBXFileReference; lastKnownFileType = sourcecode.swift; path = CustomPushTransition.swift; sourceTree = "<group>"; };
		2A3221F81FB392170023F68E /* CustomPopTransition.swift */ = {isa = PBXFileReference; lastKnownFileType = sourcecode.swift; path = CustomPopTransition.swift; sourceTree = "<group>"; };
		2A3221FA1FB395B20023F68E /* CustomInteractor.swift */ = {isa = PBXFileReference; lastKnownFileType = sourcecode.swift; path = CustomInteractor.swift; sourceTree = "<group>"; };
		2A331EDA1FDB010B00C78BAA /* Filter.swift */ = {isa = PBXFileReference; lastKnownFileType = sourcecode.swift; path = Filter.swift; sourceTree = "<group>"; };
		2A331EDC1FDB012F00C78BAA /* FilterCollectionViewCell.swift */ = {isa = PBXFileReference; lastKnownFileType = sourcecode.swift; path = FilterCollectionViewCell.swift; sourceTree = "<group>"; };
		2A331EDE1FDB014C00C78BAA /* FilterPreview.swift */ = {isa = PBXFileReference; lastKnownFileType = sourcecode.swift; path = FilterPreview.swift; sourceTree = "<group>"; };
		2A331EE01FDB016700C78BAA /* FiltersVC.swift */ = {isa = PBXFileReference; lastKnownFileType = sourcecode.swift; path = FiltersVC.swift; sourceTree = "<group>"; };
		2A331EE21FDB019000C78BAA /* FiltersView.swift */ = {isa = PBXFileReference; lastKnownFileType = sourcecode.swift; path = FiltersView.swift; sourceTree = "<group>"; };
		2A37A35B1F915E35009354ED /* VideoVC.swift */ = {isa = PBXFileReference; lastKnownFileType = sourcecode.swift; path = VideoVC.swift; sourceTree = "<group>"; };
		2A37A35D1F915ECA009354ED /* PhotoVC.swift */ = {isa = PBXFileReference; lastKnownFileType = sourcecode.swift; path = PhotoVC.swift; sourceTree = "<group>"; };
		2A3A963A1FD5ACCA00BC1D19 /* ZoomTransitioningDelegate.swift */ = {isa = PBXFileReference; lastKnownFileType = sourcecode.swift; path = ZoomTransitioningDelegate.swift; sourceTree = "<group>"; };
		2A4044371FBF72AC00A5385D /* ForwardListVC.swift */ = {isa = PBXFileReference; lastKnownFileType = sourcecode.swift; path = ForwardListVC.swift; sourceTree = "<group>"; };
		2A483A251FAA4A6C00C899A4 /* GroupsVC.swift */ = {isa = PBXFileReference; lastKnownFileType = sourcecode.swift; path = GroupsVC.swift; sourceTree = "<group>"; };
		2A4C82DA1F8BDF1900916069 /* UserSettings.swift */ = {isa = PBXFileReference; lastKnownFileType = sourcecode.swift; path = UserSettings.swift; sourceTree = "<group>"; };
		2A4C82DC1F8D190E00916069 /* Notifications.swift */ = {isa = PBXFileReference; lastKnownFileType = sourcecode.swift; path = Notifications.swift; sourceTree = "<group>"; };
		2A4F57741F76BC7E0043A231 /* ExploreVC.swift */ = {isa = PBXFileReference; lastKnownFileType = sourcecode.swift; path = ExploreVC.swift; sourceTree = "<group>"; };
		2A4F57761F76BCB40043A231 /* ExploreSectionHeaderView.swift */ = {isa = PBXFileReference; lastKnownFileType = sourcecode.swift; path = ExploreSectionHeaderView.swift; sourceTree = "<group>"; };
		2A4F57771F76BCB40043A231 /* ExploreSectionHeaderView.xib */ = {isa = PBXFileReference; lastKnownFileType = file.xib; path = ExploreSectionHeaderView.xib; sourceTree = "<group>"; };
		2A4F577A1F76BD090043A231 /* CategoryRowCell.swift */ = {isa = PBXFileReference; lastKnownFileType = sourcecode.swift; path = CategoryRowCell.swift; sourceTree = "<group>"; };
		2A5475151FB3684100FDFF69 /* LoginContainerVC.swift */ = {isa = PBXFileReference; lastKnownFileType = sourcecode.swift; path = LoginContainerVC.swift; sourceTree = "<group>"; };
		2A5475171FB36C1B00FDFF69 /* Identifiers.swift */ = {isa = PBXFileReference; lastKnownFileType = sourcecode.swift; path = Identifiers.swift; sourceTree = "<group>"; };
		2A55E65F1F98F6B8002230A1 /* Telepic-BridgingHeader.h */ = {isa = PBXFileReference; lastKnownFileType = sourcecode.c.h; path = "Telepic-BridgingHeader.h"; sourceTree = "<group>"; };
		2A57CEFD1FB51418006FCEE4 /* CustomNavigationController.swift */ = {isa = PBXFileReference; lastKnownFileType = sourcecode.swift; path = CustomNavigationController.swift; sourceTree = "<group>"; };
		2A5BEEE51F75465F00D5009C /* ProfileVC.swift */ = {isa = PBXFileReference; lastKnownFileType = sourcecode.swift; path = ProfileVC.swift; sourceTree = "<group>"; };
		2A6121771F9287B000C430A3 /* Friend.swift */ = {isa = PBXFileReference; lastKnownFileType = sourcecode.swift; path = Friend.swift; sourceTree = "<group>"; };
		2A66C54F1FACC19300F4C512 /* GroupDetailVC.swift */ = {isa = PBXFileReference; lastKnownFileType = sourcecode.swift; path = GroupDetailVC.swift; sourceTree = "<group>"; };
		2A66C5511FACC75B00F4C512 /* SelectFriendsVC.swift */ = {isa = PBXFileReference; lastKnownFileType = sourcecode.swift; path = SelectFriendsVC.swift; sourceTree = "<group>"; };
		2A66C5531FACC77900F4C512 /* SelectGroupsVC.swift */ = {isa = PBXFileReference; lastKnownFileType = sourcecode.swift; path = SelectGroupsVC.swift; sourceTree = "<group>"; };
		2A66C5551FACCEB400F4C512 /* SendPageVC.swift */ = {isa = PBXFileReference; lastKnownFileType = sourcecode.swift; path = SendPageVC.swift; sourceTree = "<group>"; };
		2A6BDFEB1FBA1F9B00B0B6AD /* VideoPreviewVC.swift */ = {isa = PBXFileReference; lastKnownFileType = sourcecode.swift; path = VideoPreviewVC.swift; sourceTree = "<group>"; };
		2A6BDFED1FBA259C00B0B6AD /* CaptionVC.swift */ = {isa = PBXFileReference; lastKnownFileType = sourcecode.swift; path = CaptionVC.swift; sourceTree = "<group>"; };
		2A712D5B1FC488E700495637 /* Forwarder.swift */ = {isa = PBXFileReference; lastKnownFileType = sourcecode.swift; path = Forwarder.swift; sourceTree = "<group>"; };
		2A712D5D1FC48BA800495637 /* ForwarderCell.swift */ = {isa = PBXFileReference; lastKnownFileType = sourcecode.swift; path = ForwarderCell.swift; sourceTree = "<group>"; };
		2A7CFF181F6AD78000434E2D /* Home.storyboard */ = {isa = PBXFileReference; lastKnownFileType = file.storyboard; path = Home.storyboard; sourceTree = "<group>"; };
		2A7CFF1A1F6B09AB00434E2D /* Explore.storyboard */ = {isa = PBXFileReference; lastKnownFileType = file.storyboard; path = Explore.storyboard; sourceTree = "<group>"; };
		2A7CFF1C1F6B0BBA00434E2D /* Camera.storyboard */ = {isa = PBXFileReference; lastKnownFileType = file.storyboard; path = Camera.storyboard; sourceTree = "<group>"; };
		2A7CFF1E1F6B0BC700434E2D /* Notifications.storyboard */ = {isa = PBXFileReference; lastKnownFileType = file.storyboard; path = Notifications.storyboard; sourceTree = "<group>"; };
		2A7CFF201F6B0BD300434E2D /* Profile.storyboard */ = {isa = PBXFileReference; lastKnownFileType = file.storyboard; path = Profile.storyboard; sourceTree = "<group>"; };
		2A849AF81FA37EA600861DE9 /* MediaView.storyboard */ = {isa = PBXFileReference; lastKnownFileType = file.storyboard; path = MediaView.storyboard; sourceTree = "<group>"; };
		2A849AFA1FA37EEF00861DE9 /* MediaViewVC.swift */ = {isa = PBXFileReference; lastKnownFileType = sourcecode.swift; path = MediaViewVC.swift; sourceTree = "<group>"; };
		2A849AFC1FA3A4F600861DE9 /* ImageAnimator.swift */ = {isa = PBXFileReference; lastKnownFileType = sourcecode.swift; path = ImageAnimator.swift; sourceTree = "<group>"; };
		2A8775D81F9128FE007BE0FE /* FriendRequest.swift */ = {isa = PBXFileReference; lastKnownFileType = sourcecode.swift; path = FriendRequest.swift; sourceTree = "<group>"; };
		2A9AFA461F4F4DC600B86F49 /* Telepic.app */ = {isa = PBXFileReference; explicitFileType = wrapper.application; includeInIndex = 0; path = Telepic.app; sourceTree = BUILT_PRODUCTS_DIR; };
		2A9AFA491F4F4DC600B86F49 /* AppDelegate.swift */ = {isa = PBXFileReference; lastKnownFileType = sourcecode.swift; path = AppDelegate.swift; sourceTree = "<group>"; };
		2A9AFA4E1F4F4DC600B86F49 /* Base */ = {isa = PBXFileReference; lastKnownFileType = file.storyboard; name = Base; path = Base.lproj/Main.storyboard; sourceTree = "<group>"; };
		2A9AFA501F4F4DC600B86F49 /* Assets.xcassets */ = {isa = PBXFileReference; lastKnownFileType = folder.assetcatalog; path = Assets.xcassets; sourceTree = "<group>"; };
		2A9AFA531F4F4DC600B86F49 /* Base */ = {isa = PBXFileReference; lastKnownFileType = file.storyboard; name = Base; path = Base.lproj/LaunchScreen.storyboard; sourceTree = "<group>"; };
		2A9AFA551F4F4DC600B86F49 /* Info.plist */ = {isa = PBXFileReference; lastKnownFileType = text.plist.xml; path = Info.plist; sourceTree = "<group>"; };
		2AA4BFCF1FB4E17F00198D55 /* ImagePickerVC.swift */ = {isa = PBXFileReference; lastKnownFileType = sourcecode.swift; path = ImagePickerVC.swift; sourceTree = "<group>"; };
		2AA77A971F85617F009C2625 /* UserController.swift */ = {isa = PBXFileReference; lastKnownFileType = sourcecode.swift; path = UserController.swift; sourceTree = "<group>"; };
		2AA77A991F8561DD009C2625 /* User.swift */ = {isa = PBXFileReference; lastKnownFileType = sourcecode.swift; path = User.swift; sourceTree = "<group>"; };
		2AA77A9B1F8562CF009C2625 /* Validator.swift */ = {isa = PBXFileReference; lastKnownFileType = sourcecode.swift; path = Validator.swift; sourceTree = "<group>"; };
		2AA7ACC71F96BF28008FEA34 /* Telepic.entitlements */ = {isa = PBXFileReference; lastKnownFileType = text.plist.entitlements; path = Telepic.entitlements; sourceTree = "<group>"; };
		2AABB6F91F70536300BF3432 /* InboxCell.swift */ = {isa = PBXFileReference; lastKnownFileType = sourcecode.swift; path = InboxCell.swift; sourceTree = "<group>"; };
		2AABB6FB1F70544600BF3432 /* InboxVC.swift */ = {isa = PBXFileReference; lastKnownFileType = sourcecode.swift; path = InboxVC.swift; sourceTree = "<group>"; };
		2AABB7001F7055EF00BF3432 /* InboxItem.swift */ = {isa = PBXFileReference; lastKnownFileType = sourcecode.swift; path = InboxItem.swift; sourceTree = "<group>"; };
		2AAE36121F5EF38400FDEA96 /* ExistingAccountPWInputVC.swift */ = {isa = PBXFileReference; fileEncoding = 4; lastKnownFileType = sourcecode.swift; path = ExistingAccountPWInputVC.swift; sourceTree = "<group>"; };
		2AAE36141F5EF3C100FDEA96 /* NewAccountPWInputVC.swift */ = {isa = PBXFileReference; fileEncoding = 4; lastKnownFileType = sourcecode.swift; path = NewAccountPWInputVC.swift; sourceTree = "<group>"; };
		2AAE36161F5F026800FDEA96 /* CreateUsernameVC.swift */ = {isa = PBXFileReference; fileEncoding = 4; lastKnownFileType = sourcecode.swift; path = CreateUsernameVC.swift; sourceTree = "<group>"; };
		2AAE361B1F604CE000FDEA96 /* FBFriendCell.swift */ = {isa = PBXFileReference; fileEncoding = 4; lastKnownFileType = sourcecode.swift; path = FBFriendCell.swift; sourceTree = "<group>"; };
		2AB8D3551FE831C500089466 /* InviteFriendsVC.swift */ = {isa = PBXFileReference; lastKnownFileType = sourcecode.swift; path = InviteFriendsVC.swift; sourceTree = "<group>"; };
		2AB8F9891FA0DA5900958036 /* ForwardsVC.swift */ = {isa = PBXFileReference; lastKnownFileType = sourcecode.swift; path = ForwardsVC.swift; sourceTree = "<group>"; };
		2AB8F98B1FA0DB8300958036 /* TabChildVC.swift */ = {isa = PBXFileReference; lastKnownFileType = sourcecode.swift; path = TabChildVC.swift; sourceTree = "<group>"; };
		2AB8F98D1FA0DCCC00958036 /* TabVC.swift */ = {isa = PBXFileReference; lastKnownFileType = sourcecode.swift; path = TabVC.swift; sourceTree = "<group>"; };
		2ABFF1881F8D6310008E4026 /* AddFriendVC.swift */ = {isa = PBXFileReference; lastKnownFileType = sourcecode.swift; path = AddFriendVC.swift; sourceTree = "<group>"; };
		2ABFF18A1F8D63B9008E4026 /* AddFriendCell.swift */ = {isa = PBXFileReference; lastKnownFileType = sourcecode.swift; path = AddFriendCell.swift; sourceTree = "<group>"; };
		2ABFF18C1F8E6FF6008E4026 /* SearchableUser.swift */ = {isa = PBXFileReference; lastKnownFileType = sourcecode.swift; path = SearchableUser.swift; sourceTree = "<group>"; };
		2AC30EA51FA783DB005BF3AD /* CommentCell.swift */ = {isa = PBXFileReference; lastKnownFileType = sourcecode.swift; path = CommentCell.swift; sourceTree = "<group>"; };
		2ACD56201F9A567B0066431E /* Upload.swift */ = {isa = PBXFileReference; lastKnownFileType = sourcecode.swift; path = Upload.swift; sourceTree = "<group>"; };
		2ACF56651F7AA2CB007689D9 /* ThumbnailCell.swift */ = {isa = PBXFileReference; lastKnownFileType = sourcecode.swift; path = ThumbnailCell.swift; sourceTree = "<group>"; };
		2ACF56661F7AA2CB007689D9 /* ThumbnailCell.xib */ = {isa = PBXFileReference; lastKnownFileType = file.xib; path = ThumbnailCell.xib; sourceTree = "<group>"; };
		2ACF56691F7AA933007689D9 /* StartAMovementCell.swift */ = {isa = PBXFileReference; lastKnownFileType = sourcecode.swift; path = StartAMovementCell.swift; sourceTree = "<group>"; };
		2ACF566B1F7AB06F007689D9 /* Constant.swift */ = {isa = PBXFileReference; lastKnownFileType = sourcecode.swift; path = Constant.swift; sourceTree = "<group>"; };
		2ACF566D1F7AB9DE007689D9 /* NotificationsVC.swift */ = {isa = PBXFileReference; lastKnownFileType = sourcecode.swift; path = NotificationsVC.swift; sourceTree = "<group>"; };
		2ACF566F1F7ABA16007689D9 /* NotificationCell.swift */ = {isa = PBXFileReference; lastKnownFileType = sourcecode.swift; path = NotificationCell.swift; sourceTree = "<group>"; };
		2AD298D11F9E4CB90048E29E /* UserAnnotation.swift */ = {isa = PBXFileReference; lastKnownFileType = sourcecode.swift; path = UserAnnotation.swift; sourceTree = "<group>"; };
		2AD298D31F9E5D200048E29E /* UserAnnotationView.swift */ = {isa = PBXFileReference; lastKnownFileType = sourcecode.swift; path = UserAnnotationView.swift; sourceTree = "<group>"; };
		2AD298D51F9E82CC0048E29E /* Comments.storyboard */ = {isa = PBXFileReference; lastKnownFileType = file.storyboard; path = Comments.storyboard; sourceTree = "<group>"; };
		2AD298D71F9E83C10048E29E /* CommentsVC.swift */ = {isa = PBXFileReference; lastKnownFileType = sourcecode.swift; path = CommentsVC.swift; sourceTree = "<group>"; };
		2AD298D91F9E8CA20048E29E /* MediaItem.swift */ = {isa = PBXFileReference; lastKnownFileType = sourcecode.swift; path = MediaItem.swift; sourceTree = "<group>"; };
		2AD3C8141F61ABC700DD16D3 /* ConnectOrSkipVC.swift */ = {isa = PBXFileReference; fileEncoding = 4; lastKnownFileType = sourcecode.swift; path = ConnectOrSkipVC.swift; sourceTree = "<group>"; };
		2AD3C8161F61B3CE00DD16D3 /* Extensions.swift */ = {isa = PBXFileReference; fileEncoding = 4; lastKnownFileType = sourcecode.swift; path = Extensions.swift; sourceTree = "<group>"; };
		2ADC73AD1FA11BE3004895C7 /* EventNotification.swift */ = {isa = PBXFileReference; lastKnownFileType = sourcecode.swift; path = EventNotification.swift; sourceTree = "<group>"; };
		2ADC73AF1FA25F06004895C7 /* TabBarVC.swift */ = {isa = PBXFileReference; lastKnownFileType = sourcecode.swift; path = TabBarVC.swift; sourceTree = "<group>"; };
		2ADD59AA1FAB82BE002FADB1 /* CreateGroupVC.swift */ = {isa = PBXFileReference; lastKnownFileType = sourcecode.swift; path = CreateGroupVC.swift; sourceTree = "<group>"; };
		2ADD59AC1FAB82E7002FADB1 /* CreateGroupPageVC.swift */ = {isa = PBXFileReference; lastKnownFileType = sourcecode.swift; path = CreateGroupPageVC.swift; sourceTree = "<group>"; };
		2ADD59AE1FAB830C002FADB1 /* SelectMembersVC.swift */ = {isa = PBXFileReference; lastKnownFileType = sourcecode.swift; path = SelectMembersVC.swift; sourceTree = "<group>"; };
		2ADD59B01FAB8330002FADB1 /* NameGroupVC.swift */ = {isa = PBXFileReference; lastKnownFileType = sourcecode.swift; path = NameGroupVC.swift; sourceTree = "<group>"; };
		2ADD59B21FAB8446002FADB1 /* MemberCell.swift */ = {isa = PBXFileReference; lastKnownFileType = sourcecode.swift; path = MemberCell.swift; sourceTree = "<group>"; };
		2ADD59B41FABBE20002FADB1 /* GroupCell.swift */ = {isa = PBXFileReference; lastKnownFileType = sourcecode.swift; path = GroupCell.swift; sourceTree = "<group>"; };
		2ADD59B61FABBEBE002FADB1 /* AvatarCell.swift */ = {isa = PBXFileReference; lastKnownFileType = sourcecode.swift; path = AvatarCell.swift; sourceTree = "<group>"; };
		2ADD59B81FABC1E0002FADB1 /* Group.swift */ = {isa = PBXFileReference; lastKnownFileType = sourcecode.swift; path = Group.swift; sourceTree = "<group>"; };
		2AE61F211FACF4DF00D0303B /* SettingsVC.swift */ = {isa = PBXFileReference; lastKnownFileType = sourcecode.swift; path = SettingsVC.swift; sourceTree = "<group>"; };
		2AE61F231FACFADE00D0303B /* SettingsContainerVC.swift */ = {isa = PBXFileReference; lastKnownFileType = sourcecode.swift; path = SettingsContainerVC.swift; sourceTree = "<group>"; };
		2AE696D01FCCA1E9004CD493 /* EditProfileVC.swift */ = {isa = PBXFileReference; lastKnownFileType = sourcecode.swift; path = EditProfileVC.swift; sourceTree = "<group>"; };
		2AE9BDEA1F9690F2007CCF50 /* SendVC.swift */ = {isa = PBXFileReference; lastKnownFileType = sourcecode.swift; path = SendVC.swift; sourceTree = "<group>"; };
		2AE9BDEC1F969945007CCF50 /* FriendCell.swift */ = {isa = PBXFileReference; lastKnownFileType = sourcecode.swift; path = FriendCell.swift; sourceTree = "<group>"; };
		57F0175D7FE62023A86E28FC /* Pods-Telepic.debug.xcconfig */ = {isa = PBXFileReference; includeInIndex = 1; lastKnownFileType = text.xcconfig; name = "Pods-Telepic.debug.xcconfig"; path = "Pods/Target Support Files/Pods-Telepic/Pods-Telepic.debug.xcconfig"; sourceTree = "<group>"; };
		853CCFC10405AAC95016F671 /* Pods-Telepic.release.xcconfig */ = {isa = PBXFileReference; includeInIndex = 1; lastKnownFileType = text.xcconfig; name = "Pods-Telepic.release.xcconfig"; path = "Pods/Target Support Files/Pods-Telepic/Pods-Telepic.release.xcconfig"; sourceTree = "<group>"; };
		C5541979CB7346D8B9127109 /* Pods_Telepic.framework */ = {isa = PBXFileReference; explicitFileType = wrapper.framework; includeInIndex = 0; path = Pods_Telepic.framework; sourceTree = BUILT_PRODUCTS_DIR; };
/* End PBXFileReference section */

/* Begin PBXFrameworksBuildPhase section */
		2A9AFA431F4F4DC600B86F49 /* Frameworks */ = {
			isa = PBXFrameworksBuildPhase;
			buildActionMask = 2147483647;
			files = (
				2A2B4D391F86A60B00D98F78 /* AddressBookUI.framework in Frameworks */,
				2A2B4D371F86A5DF00D98F78 /* MapKit.framework in Frameworks */,
				2A2B4D351F86A5D400D98F78 /* CoreLocation.framework in Frameworks */,
				2C92C96832E4CC561850D46E /* Pods_Telepic.framework in Frameworks */,
			);
			runOnlyForDeploymentPostprocessing = 0;
		};
/* End PBXFrameworksBuildPhase section */

/* Begin PBXGroup section */
		2A06DC021F5DA6BF00824E62 /* ViewControllers */ = {
			isa = PBXGroup;
			children = (
				2AD3C01D1F6C214D00F17E97 /* Login */,
				2A5475101FB363AB00FDFF69 /* Inbox */,
				2A5475121FB363B700FDFF69 /* Explore */,
				2A5475141FB363F600FDFF69 /* Camera */,
				2A5475111FB363B100FDFF69 /* Notifications */,
				2A5475131FB363C900FDFF69 /* Map */,
				2ADD59A91FAB82A5002FADB1 /* Profile */,
				2ADC73AF1FA25F06004895C7 /* TabBarVC.swift */,
				2AE9BDEA1F9690F2007CCF50 /* SendVC.swift */,
				2AD298D71F9E83C10048E29E /* CommentsVC.swift */,
				2A849AFA1FA37EEF00861DE9 /* MediaViewVC.swift */,
				2A66C5511FACC75B00F4C512 /* SelectFriendsVC.swift */,
				2A66C5531FACC77900F4C512 /* SelectGroupsVC.swift */,
				2A66C5551FACCEB400F4C512 /* SendPageVC.swift */,
				2A116EC51FB4DA06004B6338 /* TabBarController.swift */,
				2A57CEFD1FB51418006FCEE4 /* CustomNavigationController.swift */,
			);
			name = ViewControllers;
			sourceTree = "<group>";
		};
		2A06DC031F5DE18900824E62 /* Fonts */ = {
			isa = PBXGroup;
			children = (
				2A06DC041F5DE18900824E62 /* Nunito-Black.ttf */,
				2A06DC051F5DE18900824E62 /* Nunito-BlackItalic.ttf */,
				2A06DC061F5DE18900824E62 /* Nunito-Bold.ttf */,
				2A06DC071F5DE18900824E62 /* Nunito-BoldItalic.ttf */,
				2A06DC081F5DE18900824E62 /* Nunito-ExtraBold.ttf */,
				2A06DC091F5DE18900824E62 /* Nunito-ExtraBoldItalic.ttf */,
				2A06DC0A1F5DE18900824E62 /* Nunito-ExtraLight.ttf */,
				2A06DC0B1F5DE18900824E62 /* Nunito-ExtraLightItalic.ttf */,
				2A06DC0C1F5DE18900824E62 /* Nunito-Italic.ttf */,
				2A06DC0D1F5DE18900824E62 /* Nunito-Light.ttf */,
				2A06DC0E1F5DE18900824E62 /* Nunito-LightItalic.ttf */,
				2A06DC0F1F5DE18900824E62 /* Nunito-Regular.ttf */,
				2A06DC101F5DE18900824E62 /* Nunito-SemiBold.ttf */,
				2A06DC111F5DE18900824E62 /* Nunito-SemiBoldItalic.ttf */,
			);
			name = Fonts;
			path = Nunito;
			sourceTree = "<group>";
		};
		2A3221F51FB391C90023F68E /* Transitions */ = {
			isa = PBXGroup;
			children = (
				2A3221F61FB391E90023F68E /* CustomPushTransition.swift */,
				2A3221F81FB392170023F68E /* CustomPopTransition.swift */,
				2A3221FA1FB395B20023F68E /* CustomInteractor.swift */,
				2A3A963A1FD5ACCA00BC1D19 /* ZoomTransitioningDelegate.swift */,
			);
			name = Transitions;
			sourceTree = "<group>";
		};
		2A331ED91FDB00FD00C78BAA /* Filters */ = {
			isa = PBXGroup;
			children = (
				2A331EDA1FDB010B00C78BAA /* Filter.swift */,
				2A331EDC1FDB012F00C78BAA /* FilterCollectionViewCell.swift */,
				2A331EDE1FDB014C00C78BAA /* FilterPreview.swift */,
				2A331EE01FDB016700C78BAA /* FiltersVC.swift */,
				2A331EE21FDB019000C78BAA /* FiltersView.swift */,
			);
			name = Filters;
			sourceTree = "<group>";
		};
		2A5475101FB363AB00FDFF69 /* Inbox */ = {
			isa = PBXGroup;
			children = (
				2AABB6FB1F70544600BF3432 /* InboxVC.swift */,
				2ABFF1881F8D6310008E4026 /* AddFriendVC.swift */,
			);
			name = Inbox;
			sourceTree = "<group>";
		};
		2A5475111FB363B100FDFF69 /* Notifications */ = {
			isa = PBXGroup;
			children = (
				2AB8F98D1FA0DCCC00958036 /* TabVC.swift */,
				2AB8F98B1FA0DB8300958036 /* TabChildVC.swift */,
				2ACF566D1F7AB9DE007689D9 /* NotificationsVC.swift */,
				2AB8F9891FA0DA5900958036 /* ForwardsVC.swift */,
			);
			name = Notifications;
			sourceTree = "<group>";
		};
		2A5475121FB363B700FDFF69 /* Explore */ = {
			isa = PBXGroup;
			children = (
				2A4F57741F76BC7E0043A231 /* ExploreVC.swift */,
			);
			name = Explore;
			sourceTree = "<group>";
		};
		2A5475131FB363C900FDFF69 /* Map */ = {
			isa = PBXGroup;
			children = (
				2A2B4D3C1F86A6F500D98F78 /* MapVC.swift */,
				2A4044371FBF72AC00A5385D /* ForwardListVC.swift */,
			);
			name = Map;
			sourceTree = "<group>";
		};
		2A5475141FB363F600FDFF69 /* Camera */ = {
			isa = PBXGroup;
			children = (
				2A37A35D1F915ECA009354ED /* PhotoVC.swift */,
				2A37A35B1F915E35009354ED /* VideoVC.swift */,
				2AA4BFCF1FB4E17F00198D55 /* ImagePickerVC.swift */,
				2A6BDFEB1FBA1F9B00B0B6AD /* VideoPreviewVC.swift */,
				2A6BDFED1FBA259C00B0B6AD /* CaptionVC.swift */,
			);
			name = Camera;
			sourceTree = "<group>";
		};
		2A9AFA3D1F4F4DC600B86F49 = {
			isa = PBXGroup;
			children = (
				2A9AFA481F4F4DC600B86F49 /* Telepic */,
				2A9AFA471F4F4DC600B86F49 /* Products */,
				A0B2E34C62EDCF7F67A8C012 /* Pods */,
				FDD1A74034749E62C1E4A0B2 /* Frameworks */,
			);
			sourceTree = "<group>";
		};
		2A9AFA471F4F4DC600B86F49 /* Products */ = {
			isa = PBXGroup;
			children = (
				2A9AFA461F4F4DC600B86F49 /* Telepic.app */,
			);
			name = Products;
			sourceTree = "<group>";
		};
		2A9AFA481F4F4DC600B86F49 /* Telepic */ = {
			isa = PBXGroup;
			children = (
				2A331ED91FDB00FD00C78BAA /* Filters */,
				2A3221F51FB391C90023F68E /* Transitions */,
				2AA7ACC71F96BF28008FEA34 /* Telepic.entitlements */,
				2AA77A961F85616C009C2625 /* ModelController */,
				2AABB6FF1F7055C500BF3432 /* Models */,
				2AAE361A1F604CB200FDEA96 /* Views */,
				2AAE36111F5EE52F00FDEA96 /* Storyboards */,
				2A06DC021F5DA6BF00824E62 /* ViewControllers */,
				2A9AFA491F4F4DC600B86F49 /* AppDelegate.swift */,
				2A9AFA501F4F4DC600B86F49 /* Assets.xcassets */,
				2A9AFA521F4F4DC600B86F49 /* LaunchScreen.storyboard */,
				2A9AFA551F4F4DC600B86F49 /* Info.plist */,
				2A06DBFC1F5D967900824E62 /* GoogleService-Info.plist */,
				2A06DC031F5DE18900824E62 /* Fonts */,
				2AD3C8161F61B3CE00DD16D3 /* Extensions.swift */,
				2ACF566B1F7AB06F007689D9 /* Constant.swift */,
				2AA77A9B1F8562CF009C2625 /* Validator.swift */,
				2A2B4D3E1F86B13300D98F78 /* FirebaseController.swift */,
				2A4C82DA1F8BDF1900916069 /* UserSettings.swift */,
				2A4C82DC1F8D190E00916069 /* Notifications.swift */,
				2A55E65F1F98F6B8002230A1 /* Telepic-BridgingHeader.h */,
				2A849AFC1FA3A4F600861DE9 /* ImageAnimator.swift */,
				2A5475171FB36C1B00FDFF69 /* Identifiers.swift */,
			);
			path = Telepic;
			sourceTree = "<group>";
		};
		2AA77A961F85616C009C2625 /* ModelController */ = {
			isa = PBXGroup;
			children = (
				2AA77A971F85617F009C2625 /* UserController.swift */,
			);
			name = ModelController;
			sourceTree = "<group>";
		};
		2AABB6FF1F7055C500BF3432 /* Models */ = {
			isa = PBXGroup;
			children = (
				2AABB7001F7055EF00BF3432 /* InboxItem.swift */,
				2AA77A991F8561DD009C2625 /* User.swift */,
				2ABFF18C1F8E6FF6008E4026 /* SearchableUser.swift */,
				2A8775D81F9128FE007BE0FE /* FriendRequest.swift */,
				2A6121771F9287B000C430A3 /* Friend.swift */,
				2ACD56201F9A567B0066431E /* Upload.swift */,
				2AD298D11F9E4CB90048E29E /* UserAnnotation.swift */,
				2AD298D91F9E8CA20048E29E /* MediaItem.swift */,
				2ADC73AD1FA11BE3004895C7 /* EventNotification.swift */,
				2ADD59B81FABC1E0002FADB1 /* Group.swift */,
				2A712D5B1FC488E700495637 /* Forwarder.swift */,
			);
			name = Models;
			sourceTree = "<group>";
		};
		2AAE36111F5EE52F00FDEA96 /* Storyboards */ = {
			isa = PBXGroup;
			children = (
				2A9AFA4D1F4F4DC600B86F49 /* Main.storyboard */,
				2A7CFF181F6AD78000434E2D /* Home.storyboard */,
				2A7CFF1A1F6B09AB00434E2D /* Explore.storyboard */,
				2A7CFF1C1F6B0BBA00434E2D /* Camera.storyboard */,
				2A7CFF1E1F6B0BC700434E2D /* Notifications.storyboard */,
				2A7CFF201F6B0BD300434E2D /* Profile.storyboard */,
				2A2B4D3A1F86A64200D98F78 /* Map.storyboard */,
				2AD298D51F9E82CC0048E29E /* Comments.storyboard */,
				2A849AF81FA37EA600861DE9 /* MediaView.storyboard */,
			);
			name = Storyboards;
			sourceTree = "<group>";
		};
		2AAE361A1F604CB200FDEA96 /* Views */ = {
			isa = PBXGroup;
			children = (
				2AAE361B1F604CE000FDEA96 /* FBFriendCell.swift */,
				2AABB6F91F70536300BF3432 /* InboxCell.swift */,
				2A4F57761F76BCB40043A231 /* ExploreSectionHeaderView.swift */,
				2A4F57771F76BCB40043A231 /* ExploreSectionHeaderView.xib */,
				2A4F577A1F76BD090043A231 /* CategoryRowCell.swift */,
				2ACF56651F7AA2CB007689D9 /* ThumbnailCell.swift */,
				2ACF56661F7AA2CB007689D9 /* ThumbnailCell.xib */,
				2ACF56691F7AA933007689D9 /* StartAMovementCell.swift */,
				2ACF566F1F7ABA16007689D9 /* NotificationCell.swift */,
				2ABFF18A1F8D63B9008E4026 /* AddFriendCell.swift */,
				2AE9BDEC1F969945007CCF50 /* FriendCell.swift */,
				2AD298D31F9E5D200048E29E /* UserAnnotationView.swift */,
				2AC30EA51FA783DB005BF3AD /* CommentCell.swift */,
				2ADD59B21FAB8446002FADB1 /* MemberCell.swift */,
				2ADD59B41FABBE20002FADB1 /* GroupCell.swift */,
				2ADD59B61FABBEBE002FADB1 /* AvatarCell.swift */,
				2A712D5D1FC48BA800495637 /* ForwarderCell.swift */,
			);
			name = Views;
			sourceTree = "<group>";
		};
		2AD3C01D1F6C214D00F17E97 /* Login */ = {
			isa = PBXGroup;
			children = (
				2A06DBFE1F5DA4AE00824E62 /* LoginVC.swift */,
				2A06DC001F5DA6BA00824E62 /* EmailLoginVC.swift */,
				2AAE36121F5EF38400FDEA96 /* ExistingAccountPWInputVC.swift */,
				2AAE36141F5EF3C100FDEA96 /* NewAccountPWInputVC.swift */,
				2AAE36161F5F026800FDEA96 /* CreateUsernameVC.swift */,
				2AD3C8141F61ABC700DD16D3 /* ConnectOrSkipVC.swift */,
				2A5475151FB3684100FDFF69 /* LoginContainerVC.swift */,
				2A0474842003D96A00F4DE75 /* AddFBFriendsVC.swift */,
			);
			name = Login;
			sourceTree = "<group>";
		};
		2ADD59A91FAB82A5002FADB1 /* Profile */ = {
			isa = PBXGroup;
			children = (
				2A5BEEE51F75465F00D5009C /* ProfileVC.swift */,
				2A483A251FAA4A6C00C899A4 /* GroupsVC.swift */,
				2ADD59AA1FAB82BE002FADB1 /* CreateGroupVC.swift */,
				2ADD59AC1FAB82E7002FADB1 /* CreateGroupPageVC.swift */,
				2ADD59AE1FAB830C002FADB1 /* SelectMembersVC.swift */,
				2ADD59B01FAB8330002FADB1 /* NameGroupVC.swift */,
				2A66C54F1FACC19300F4C512 /* GroupDetailVC.swift */,
				2AE61F211FACF4DF00D0303B /* SettingsVC.swift */,
				2AE61F231FACFADE00D0303B /* SettingsContainerVC.swift */,
				2A02B7B21FBDEAFE003B4366 /* FriendListVC.swift */,
				2AE696D01FCCA1E9004CD493 /* EditProfileVC.swift */,
				2AB8D3551FE831C500089466 /* InviteFriendsVC.swift */,
			);
			name = Profile;
			sourceTree = "<group>";
		};
		A0B2E34C62EDCF7F67A8C012 /* Pods */ = {
			isa = PBXGroup;
			children = (
				57F0175D7FE62023A86E28FC /* Pods-Telepic.debug.xcconfig */,
				853CCFC10405AAC95016F671 /* Pods-Telepic.release.xcconfig */,
			);
			name = Pods;
			sourceTree = "<group>";
		};
		FDD1A74034749E62C1E4A0B2 /* Frameworks */ = {
			isa = PBXGroup;
			children = (
				2A2B4D381F86A60B00D98F78 /* AddressBookUI.framework */,
				2A2B4D361F86A5DF00D98F78 /* MapKit.framework */,
				2A2B4D341F86A5D400D98F78 /* CoreLocation.framework */,
				C5541979CB7346D8B9127109 /* Pods_Telepic.framework */,
			);
			name = Frameworks;
			sourceTree = "<group>";
		};
/* End PBXGroup section */

/* Begin PBXNativeTarget section */
		2A9AFA451F4F4DC600B86F49 /* Telepic */ = {
			isa = PBXNativeTarget;
			buildConfigurationList = 2A9AFA581F4F4DC600B86F49 /* Build configuration list for PBXNativeTarget "Telepic" */;
			buildPhases = (
				644E1969F3AFD8D986BA80B6 /* [CP] Check Pods Manifest.lock */,
				2A9AFA421F4F4DC600B86F49 /* Sources */,
				2A9AFA431F4F4DC600B86F49 /* Frameworks */,
				2A9AFA441F4F4DC600B86F49 /* Resources */,
				154382BFA98A245DBEA51995 /* [CP] Embed Pods Frameworks */,
				F7FF8CAF9B0780B6E3EBE715 /* [CP] Copy Pods Resources */,
				2A54750E1FB2222600FDFF69 /* Embed App Extensions */,
			);
			buildRules = (
			);
			dependencies = (
			);
			name = Telepic;
			productName = Telepic;
			productReference = 2A9AFA461F4F4DC600B86F49 /* Telepic.app */;
			productType = "com.apple.product-type.application";
		};
/* End PBXNativeTarget section */

/* Begin PBXProject section */
		2A9AFA3E1F4F4DC600B86F49 /* Project object */ = {
			isa = PBXProject;
			attributes = {
				LastSwiftUpdateCheck = 0900;
				LastUpgradeCheck = 0900;
				ORGANIZATIONNAME = "Telepic LLC";
				TargetAttributes = {
					2A9AFA451F4F4DC600B86F49 = {
						CreatedOnToolsVersion = 8.3.2;
						DevelopmentTeam = 88M8AT4J5D;
						LastSwiftMigration = 0900;
						ProvisioningStyle = Automatic;
						SystemCapabilities = {
							com.apple.ApplicationGroups.iOS = {
								enabled = 1;
							};
							com.apple.Push = {
								enabled = 1;
							};
						};
					};
				};
			};
			buildConfigurationList = 2A9AFA411F4F4DC600B86F49 /* Build configuration list for PBXProject "Telepic" */;
			compatibilityVersion = "Xcode 3.2";
			developmentRegion = English;
			hasScannedForEncodings = 0;
			knownRegions = (
				en,
				Base,
			);
			mainGroup = 2A9AFA3D1F4F4DC600B86F49;
			productRefGroup = 2A9AFA471F4F4DC600B86F49 /* Products */;
			projectDirPath = "";
			projectRoot = "";
			targets = (
				2A9AFA451F4F4DC600B86F49 /* Telepic */,
			);
		};
/* End PBXProject section */

/* Begin PBXResourcesBuildPhase section */
		2A9AFA441F4F4DC600B86F49 /* Resources */ = {
			isa = PBXResourcesBuildPhase;
			buildActionMask = 2147483647;
			files = (
				2A06DC151F5DE18900824E62 /* Nunito-Bold.ttf in Resources */,
				2A06DC181F5DE18900824E62 /* Nunito-ExtraBoldItalic.ttf in Resources */,
				2ACF56681F7AA2CB007689D9 /* ThumbnailCell.xib in Resources */,
				2A9AFA541F4F4DC600B86F49 /* LaunchScreen.storyboard in Resources */,
				2A06DC1F1F5DE18900824E62 /* Nunito-SemiBold.ttf in Resources */,
				2A06DC161F5DE18900824E62 /* Nunito-BoldItalic.ttf in Resources */,
				2A849AF91FA37EA600861DE9 /* MediaView.storyboard in Resources */,
				2A06DC191F5DE18900824E62 /* Nunito-ExtraLight.ttf in Resources */,
				2A7CFF1F1F6B0BC700434E2D /* Notifications.storyboard in Resources */,
				2A06DC171F5DE18900824E62 /* Nunito-ExtraBold.ttf in Resources */,
				2AD298D61F9E82CC0048E29E /* Comments.storyboard in Resources */,
				2A06DC1B1F5DE18900824E62 /* Nunito-Italic.ttf in Resources */,
				2A06DC141F5DE18900824E62 /* Nunito-BlackItalic.ttf in Resources */,
				2A7CFF1B1F6B09AB00434E2D /* Explore.storyboard in Resources */,
				2A06DC1C1F5DE18900824E62 /* Nunito-Light.ttf in Resources */,
				2A7CFF191F6AD78000434E2D /* Home.storyboard in Resources */,
				2A06DC1A1F5DE18900824E62 /* Nunito-ExtraLightItalic.ttf in Resources */,
				2A4F57791F76BCB40043A231 /* ExploreSectionHeaderView.xib in Resources */,
				2A06DC1E1F5DE18900824E62 /* Nunito-Regular.ttf in Resources */,
				2A06DC201F5DE18900824E62 /* Nunito-SemiBoldItalic.ttf in Resources */,
				2A06DC131F5DE18900824E62 /* Nunito-Black.ttf in Resources */,
				2A2B4D3B1F86A64200D98F78 /* Map.storyboard in Resources */,
				2A7CFF211F6B0BD300434E2D /* Profile.storyboard in Resources */,
				2A06DBFD1F5D967900824E62 /* GoogleService-Info.plist in Resources */,
				2A9AFA511F4F4DC600B86F49 /* Assets.xcassets in Resources */,
				2A7CFF1D1F6B0BBA00434E2D /* Camera.storyboard in Resources */,
				2A06DC1D1F5DE18900824E62 /* Nunito-LightItalic.ttf in Resources */,
				2A9AFA4F1F4F4DC600B86F49 /* Main.storyboard in Resources */,
			);
			runOnlyForDeploymentPostprocessing = 0;
		};
/* End PBXResourcesBuildPhase section */

/* Begin PBXShellScriptBuildPhase section */
		154382BFA98A245DBEA51995 /* [CP] Embed Pods Frameworks */ = {
			isa = PBXShellScriptBuildPhase;
			buildActionMask = 2147483647;
			files = (
			);
			inputPaths = (
				"${SRCROOT}/Pods/Target Support Files/Pods-Telepic/Pods-Telepic-frameworks.sh",
				"${BUILT_PRODUCTS_DIR}/Bolts/Bolts.framework",
				"${BUILT_PRODUCTS_DIR}/Cache/Cache.framework",
				"${BUILT_PRODUCTS_DIR}/CropViewController/CropViewController.framework",
				"${BUILT_PRODUCTS_DIR}/FBSDKCoreKit/FBSDKCoreKit.framework",
				"${BUILT_PRODUCTS_DIR}/FBSDKLoginKit/FBSDKLoginKit.framework",
				"${BUILT_PRODUCTS_DIR}/FBSDKShareKit/FBSDKShareKit.framework",
				"${BUILT_PRODUCTS_DIR}/FacebookCore/FacebookCore.framework",
				"${BUILT_PRODUCTS_DIR}/FacebookLogin/FacebookLogin.framework",
				"${BUILT_PRODUCTS_DIR}/FacebookShare/FacebookShare.framework",
				"${BUILT_PRODUCTS_DIR}/GTMSessionFetcher/GTMSessionFetcher.framework",
				"${BUILT_PRODUCTS_DIR}/Gallery/Gallery.framework",
				"${BUILT_PRODUCTS_DIR}/GoogleToolboxForMac/GoogleToolboxForMac.framework",
				"${BUILT_PRODUCTS_DIR}/Hue/Hue.framework",
				"${BUILT_PRODUCTS_DIR}/Imaginary/Imaginary.framework",
				"${BUILT_PRODUCTS_DIR}/Kingfisher/Kingfisher.framework",
				"${BUILT_PRODUCTS_DIR}/Lightbox/Lightbox.framework",
				"${BUILT_PRODUCTS_DIR}/MarqueeLabel/MarqueeLabel.framework",
				"${BUILT_PRODUCTS_DIR}/NotificationBannerSwift/NotificationBannerSwift.framework",
				"${BUILT_PRODUCTS_DIR}/Pageboy/Pageboy.framework",
				"${BUILT_PRODUCTS_DIR}/Protobuf/Protobuf.framework",
				"${BUILT_PRODUCTS_DIR}/PureLayout/PureLayout.framework",
				"${BUILT_PRODUCTS_DIR}/RSKImageCropper/RSKImageCropper.framework",
				"${BUILT_PRODUCTS_DIR}/SVProgressHUD/SVProgressHUD.framework",
				"${BUILT_PRODUCTS_DIR}/SnapKit/SnapKit.framework",
				"${BUILT_PRODUCTS_DIR}/SteviaLayout/Stevia.framework",
				"${BUILT_PRODUCTS_DIR}/TOCropViewController/TOCropViewController.framework",
				"${BUILT_PRODUCTS_DIR}/Tabman/Tabman.framework",
				"${BUILT_PRODUCTS_DIR}/Viewer/Viewer.framework",
				"${BUILT_PRODUCTS_DIR}/leveldb-library/leveldb.framework",
				"${BUILT_PRODUCTS_DIR}/nanopb/nanopb.framework",
			);
			name = "[CP] Embed Pods Frameworks";
			outputPaths = (
				"${TARGET_BUILD_DIR}/${FRAMEWORKS_FOLDER_PATH}/Bolts.framework",
				"${TARGET_BUILD_DIR}/${FRAMEWORKS_FOLDER_PATH}/Cache.framework",
				"${TARGET_BUILD_DIR}/${FRAMEWORKS_FOLDER_PATH}/CropViewController.framework",
				"${TARGET_BUILD_DIR}/${FRAMEWORKS_FOLDER_PATH}/FBSDKCoreKit.framework",
				"${TARGET_BUILD_DIR}/${FRAMEWORKS_FOLDER_PATH}/FBSDKLoginKit.framework",
				"${TARGET_BUILD_DIR}/${FRAMEWORKS_FOLDER_PATH}/FBSDKShareKit.framework",
				"${TARGET_BUILD_DIR}/${FRAMEWORKS_FOLDER_PATH}/FacebookCore.framework",
				"${TARGET_BUILD_DIR}/${FRAMEWORKS_FOLDER_PATH}/FacebookLogin.framework",
				"${TARGET_BUILD_DIR}/${FRAMEWORKS_FOLDER_PATH}/FacebookShare.framework",
				"${TARGET_BUILD_DIR}/${FRAMEWORKS_FOLDER_PATH}/GTMSessionFetcher.framework",
				"${TARGET_BUILD_DIR}/${FRAMEWORKS_FOLDER_PATH}/Gallery.framework",
				"${TARGET_BUILD_DIR}/${FRAMEWORKS_FOLDER_PATH}/GoogleToolboxForMac.framework",
				"${TARGET_BUILD_DIR}/${FRAMEWORKS_FOLDER_PATH}/Hue.framework",
				"${TARGET_BUILD_DIR}/${FRAMEWORKS_FOLDER_PATH}/Imaginary.framework",
				"${TARGET_BUILD_DIR}/${FRAMEWORKS_FOLDER_PATH}/Kingfisher.framework",
				"${TARGET_BUILD_DIR}/${FRAMEWORKS_FOLDER_PATH}/Lightbox.framework",
				"${TARGET_BUILD_DIR}/${FRAMEWORKS_FOLDER_PATH}/MarqueeLabel.framework",
				"${TARGET_BUILD_DIR}/${FRAMEWORKS_FOLDER_PATH}/NotificationBannerSwift.framework",
				"${TARGET_BUILD_DIR}/${FRAMEWORKS_FOLDER_PATH}/Pageboy.framework",
				"${TARGET_BUILD_DIR}/${FRAMEWORKS_FOLDER_PATH}/Protobuf.framework",
				"${TARGET_BUILD_DIR}/${FRAMEWORKS_FOLDER_PATH}/PureLayout.framework",
				"${TARGET_BUILD_DIR}/${FRAMEWORKS_FOLDER_PATH}/RSKImageCropper.framework",
				"${TARGET_BUILD_DIR}/${FRAMEWORKS_FOLDER_PATH}/SVProgressHUD.framework",
				"${TARGET_BUILD_DIR}/${FRAMEWORKS_FOLDER_PATH}/SnapKit.framework",
				"${TARGET_BUILD_DIR}/${FRAMEWORKS_FOLDER_PATH}/Stevia.framework",
				"${TARGET_BUILD_DIR}/${FRAMEWORKS_FOLDER_PATH}/TOCropViewController.framework",
				"${TARGET_BUILD_DIR}/${FRAMEWORKS_FOLDER_PATH}/Tabman.framework",
				"${TARGET_BUILD_DIR}/${FRAMEWORKS_FOLDER_PATH}/Viewer.framework",
				"${TARGET_BUILD_DIR}/${FRAMEWORKS_FOLDER_PATH}/leveldb.framework",
				"${TARGET_BUILD_DIR}/${FRAMEWORKS_FOLDER_PATH}/nanopb.framework",
			);
			runOnlyForDeploymentPostprocessing = 0;
			shellPath = /bin/sh;
			shellScript = "\"${SRCROOT}/Pods/Target Support Files/Pods-Telepic/Pods-Telepic-frameworks.sh\"\n";
			showEnvVarsInLog = 0;
		};
		644E1969F3AFD8D986BA80B6 /* [CP] Check Pods Manifest.lock */ = {
			isa = PBXShellScriptBuildPhase;
			buildActionMask = 2147483647;
			files = (
			);
			inputPaths = (
				"${PODS_PODFILE_DIR_PATH}/Podfile.lock",
				"${PODS_ROOT}/Manifest.lock",
			);
			name = "[CP] Check Pods Manifest.lock";
			outputPaths = (
				"$(DERIVED_FILE_DIR)/Pods-Telepic-checkManifestLockResult.txt",
			);
			runOnlyForDeploymentPostprocessing = 0;
			shellPath = /bin/sh;
			shellScript = "diff \"${PODS_PODFILE_DIR_PATH}/Podfile.lock\" \"${PODS_ROOT}/Manifest.lock\" > /dev/null\nif [ $? != 0 ] ; then\n    # print error to STDERR\n    echo \"error: The sandbox is not in sync with the Podfile.lock. Run 'pod install' or update your CocoaPods installation.\" >&2\n    exit 1\nfi\n# This output is used by Xcode 'outputs' to avoid re-running this script phase.\necho \"SUCCESS\" > \"${SCRIPT_OUTPUT_FILE_0}\"\n";
			showEnvVarsInLog = 0;
		};
		F7FF8CAF9B0780B6E3EBE715 /* [CP] Copy Pods Resources */ = {
			isa = PBXShellScriptBuildPhase;
			buildActionMask = 2147483647;
			files = (
			);
			inputPaths = (
				"${SRCROOT}/Pods/Target Support Files/Pods-Telepic/Pods-Telepic-resources.sh",
				"${PODS_ROOT}/FirebaseInvites/Resources/GINInviteResources.bundle",
				"${PODS_ROOT}/FirebaseInvites/Resources/GPPACLPickerResources.bundle",
				"${PODS_ROOT}/GoogleSignIn/Resources/GoogleSignIn.bundle",
			);
			name = "[CP] Copy Pods Resources";
			outputPaths = (
				"${TARGET_BUILD_DIR}/${UNLOCALIZED_RESOURCES_FOLDER_PATH}",
			);
			runOnlyForDeploymentPostprocessing = 0;
			shellPath = /bin/sh;
			shellScript = "\"${SRCROOT}/Pods/Target Support Files/Pods-Telepic/Pods-Telepic-resources.sh\"\n";
			showEnvVarsInLog = 0;
		};
/* End PBXShellScriptBuildPhase section */

/* Begin PBXSourcesBuildPhase section */
		2A9AFA421F4F4DC600B86F49 /* Sources */ = {
			isa = PBXSourcesBuildPhase;
			buildActionMask = 2147483647;
			files = (
				2ADD59B91FABC1E0002FADB1 /* Group.swift in Sources */,
				2A37A35C1F915E35009354ED /* VideoVC.swift in Sources */,
				2A712D5C1FC488E700495637 /* Forwarder.swift in Sources */,
				2AD3C8171F61B3CE00DD16D3 /* Extensions.swift in Sources */,
				2AAE36151F5EF3C100FDEA96 /* NewAccountPWInputVC.swift in Sources */,
				2A712D5E1FC48BA800495637 /* ForwarderCell.swift in Sources */,
				2A4C82DB1F8BDF1900916069 /* UserSettings.swift in Sources */,
				2A6BDFEC1FBA1F9B00B0B6AD /* VideoPreviewVC.swift in Sources */,
				2A06DC011F5DA6BA00824E62 /* EmailLoginVC.swift in Sources */,
				2ABFF18B1F8D63B9008E4026 /* AddFriendCell.swift in Sources */,
				2ACF566A1F7AA933007689D9 /* StartAMovementCell.swift in Sources */,
				2A66C5521FACC75B00F4C512 /* SelectFriendsVC.swift in Sources */,
				2A483A261FAA4A6C00C899A4 /* GroupsVC.swift in Sources */,
				2A331EE31FDB019000C78BAA /* FiltersView.swift in Sources */,
				2AD298D41F9E5D200048E29E /* UserAnnotationView.swift in Sources */,
				2AAE36131F5EF38400FDEA96 /* ExistingAccountPWInputVC.swift in Sources */,
				2ADD59B51FABBE20002FADB1 /* GroupCell.swift in Sources */,
				2AABB6FC1F70544600BF3432 /* InboxVC.swift in Sources */,
				2AE9BDED1F969945007CCF50 /* FriendCell.swift in Sources */,
				2AE61F221FACF4DF00D0303B /* SettingsVC.swift in Sources */,
				2A3221F71FB391E90023F68E /* CustomPushTransition.swift in Sources */,
				2A6BDFEE1FBA259C00B0B6AD /* CaptionVC.swift in Sources */,
				2AD3C8151F61ABC700DD16D3 /* ConnectOrSkipVC.swift in Sources */,
				2A3A963B1FD5ACCA00BC1D19 /* ZoomTransitioningDelegate.swift in Sources */,
				2A5475181FB36C1B00FDFF69 /* Identifiers.swift in Sources */,
				2ADD59B71FABBEBE002FADB1 /* AvatarCell.swift in Sources */,
				2A02B7B31FBDEAFE003B4366 /* FriendListVC.swift in Sources */,
				2A331EDF1FDB014C00C78BAA /* FilterPreview.swift in Sources */,
				2A3221FB1FB395B20023F68E /* CustomInteractor.swift in Sources */,
				2AD298D21F9E4CB90048E29E /* UserAnnotation.swift in Sources */,
				2ADD59AD1FAB82E7002FADB1 /* CreateGroupPageVC.swift in Sources */,
				2ABFF18D1F8E6FF6008E4026 /* SearchableUser.swift in Sources */,
				2AE696D11FCCA1E9004CD493 /* EditProfileVC.swift in Sources */,
				2ACF566E1F7AB9DE007689D9 /* NotificationsVC.swift in Sources */,
				2A6121781F9287B000C430A3 /* Friend.swift in Sources */,
				2A331EDD1FDB012F00C78BAA /* FilterCollectionViewCell.swift in Sources */,
				2A2B4D3F1F86B13300D98F78 /* FirebaseController.swift in Sources */,
				2AABB7011F7055EF00BF3432 /* InboxItem.swift in Sources */,
				2A66C5561FACCEB400F4C512 /* SendPageVC.swift in Sources */,
				2ADC73AE1FA11BE3004895C7 /* EventNotification.swift in Sources */,
				2AB8F98C1FA0DB8300958036 /* TabChildVC.swift in Sources */,
				2ACF56671F7AA2CB007689D9 /* ThumbnailCell.swift in Sources */,
				2A3221F91FB392170023F68E /* CustomPopTransition.swift in Sources */,
				2A5475161FB3684100FDFF69 /* LoginContainerVC.swift in Sources */,
				2A57CEFE1FB51418006FCEE4 /* CustomNavigationController.swift in Sources */,
				2A4044381FBF72AC00A5385D /* ForwardListVC.swift in Sources */,
				2A849AFB1FA37EEF00861DE9 /* MediaViewVC.swift in Sources */,
				2A4F577B1F76BD090043A231 /* CategoryRowCell.swift in Sources */,
				2A331EE11FDB016700C78BAA /* FiltersVC.swift in Sources */,
				2A37A35E1F915ECA009354ED /* PhotoVC.swift in Sources */,
				2AABB6FA1F70536300BF3432 /* InboxCell.swift in Sources */,
				2AD298D81F9E83C10048E29E /* CommentsVC.swift in Sources */,
				2AA4BFD01FB4E17F00198D55 /* ImagePickerVC.swift in Sources */,
				2ACF566C1F7AB06F007689D9 /* Constant.swift in Sources */,
				2A06DBFF1F5DA4AE00824E62 /* LoginVC.swift in Sources */,
				2AE61F241FACFADE00D0303B /* SettingsContainerVC.swift in Sources */,
				2A849AFD1FA3A4F600861DE9 /* ImageAnimator.swift in Sources */,
				2A4F57751F76BC7E0043A231 /* ExploreVC.swift in Sources */,
				2AE9BDEB1F9690F2007CCF50 /* SendVC.swift in Sources */,
				2A66C5501FACC19300F4C512 /* GroupDetailVC.swift in Sources */,
				2AB8F98A1FA0DA5900958036 /* ForwardsVC.swift in Sources */,
				2ADC73B01FA25F06004895C7 /* TabBarVC.swift in Sources */,
				2A2B4D3D1F86A6F500D98F78 /* MapVC.swift in Sources */,
				2AAE361C1F604CE000FDEA96 /* FBFriendCell.swift in Sources */,
				2AAE36171F5F026800FDEA96 /* CreateUsernameVC.swift in Sources */,
				2ADD59AB1FAB82BE002FADB1 /* CreateGroupVC.swift in Sources */,
				2ADD59B11FAB8330002FADB1 /* NameGroupVC.swift in Sources */,
				2AD298DA1F9E8CA20048E29E /* MediaItem.swift in Sources */,
				2A0474852003D96A00F4DE75 /* AddFBFriendsVC.swift in Sources */,
				2ACF56701F7ABA16007689D9 /* NotificationCell.swift in Sources */,
				2AC30EA61FA783DB005BF3AD /* CommentCell.swift in Sources */,
				2AA77A981F85617F009C2625 /* UserController.swift in Sources */,
				2A66C5541FACC77900F4C512 /* SelectGroupsVC.swift in Sources */,
				2A331EDB1FDB010B00C78BAA /* Filter.swift in Sources */,
				2AA77A9C1F8562CF009C2625 /* Validator.swift in Sources */,
				2AB8D3561FE831C500089466 /* InviteFriendsVC.swift in Sources */,
				2AB8F98E1FA0DCCC00958036 /* TabVC.swift in Sources */,
				2ACD56211F9A567B0066431E /* Upload.swift in Sources */,
				2A4C82DD1F8D190E00916069 /* Notifications.swift in Sources */,
				2ABFF1891F8D6310008E4026 /* AddFriendVC.swift in Sources */,
				2A8775D91F9128FE007BE0FE /* FriendRequest.swift in Sources */,
				2A9AFA4A1F4F4DC600B86F49 /* AppDelegate.swift in Sources */,
				2ADD59B31FAB8446002FADB1 /* MemberCell.swift in Sources */,
				2A116EC61FB4DA06004B6338 /* TabBarController.swift in Sources */,
				2ADD59AF1FAB830C002FADB1 /* SelectMembersVC.swift in Sources */,
				2A5BEEE61F75465F00D5009C /* ProfileVC.swift in Sources */,
				2AA77A9A1F8561DD009C2625 /* User.swift in Sources */,
				2A4F57781F76BCB40043A231 /* ExploreSectionHeaderView.swift in Sources */,
			);
			runOnlyForDeploymentPostprocessing = 0;
		};
/* End PBXSourcesBuildPhase section */

/* Begin PBXVariantGroup section */
		2A9AFA4D1F4F4DC600B86F49 /* Main.storyboard */ = {
			isa = PBXVariantGroup;
			children = (
				2A9AFA4E1F4F4DC600B86F49 /* Base */,
			);
			name = Main.storyboard;
			sourceTree = "<group>";
		};
		2A9AFA521F4F4DC600B86F49 /* LaunchScreen.storyboard */ = {
			isa = PBXVariantGroup;
			children = (
				2A9AFA531F4F4DC600B86F49 /* Base */,
			);
			name = LaunchScreen.storyboard;
			sourceTree = "<group>";
		};
/* End PBXVariantGroup section */

/* Begin XCBuildConfiguration section */
		2A9AFA561F4F4DC600B86F49 /* Debug */ = {
			isa = XCBuildConfiguration;
			buildSettings = {
				ALWAYS_SEARCH_USER_PATHS = NO;
				CLANG_ANALYZER_NONNULL = YES;
				CLANG_ANALYZER_NUMBER_OBJECT_CONVERSION = YES_AGGRESSIVE;
				CLANG_CXX_LANGUAGE_STANDARD = "gnu++0x";
				CLANG_CXX_LIBRARY = "libc++";
				CLANG_ENABLE_MODULES = YES;
				CLANG_ENABLE_OBJC_ARC = YES;
				CLANG_WARN_BLOCK_CAPTURE_AUTORELEASING = YES;
				CLANG_WARN_BOOL_CONVERSION = YES;
				CLANG_WARN_COMMA = YES;
				CLANG_WARN_CONSTANT_CONVERSION = YES;
				CLANG_WARN_DIRECT_OBJC_ISA_USAGE = YES_ERROR;
				CLANG_WARN_DOCUMENTATION_COMMENTS = YES;
				CLANG_WARN_EMPTY_BODY = YES;
				CLANG_WARN_ENUM_CONVERSION = YES;
				CLANG_WARN_INFINITE_RECURSION = YES;
				CLANG_WARN_INT_CONVERSION = YES;
				CLANG_WARN_NON_LITERAL_NULL_CONVERSION = YES;
				CLANG_WARN_OBJC_LITERAL_CONVERSION = YES;
				CLANG_WARN_OBJC_ROOT_CLASS = YES_ERROR;
				CLANG_WARN_RANGE_LOOP_ANALYSIS = YES;
				CLANG_WARN_STRICT_PROTOTYPES = YES;
				CLANG_WARN_SUSPICIOUS_MOVE = YES;
				CLANG_WARN_UNREACHABLE_CODE = YES;
				CLANG_WARN__DUPLICATE_METHOD_MATCH = YES;
				"CODE_SIGN_IDENTITY[sdk=iphoneos*]" = "iPhone Developer";
				COPY_PHASE_STRIP = NO;
				DEBUG_INFORMATION_FORMAT = dwarf;
				ENABLE_STRICT_OBJC_MSGSEND = YES;
				ENABLE_TESTABILITY = YES;
				GCC_C_LANGUAGE_STANDARD = gnu99;
				GCC_DYNAMIC_NO_PIC = NO;
				GCC_NO_COMMON_BLOCKS = YES;
				GCC_OPTIMIZATION_LEVEL = 0;
				GCC_PREPROCESSOR_DEFINITIONS = (
					"DEBUG=1",
					"$(inherited)",
				);
				GCC_WARN_64_TO_32_BIT_CONVERSION = YES;
				GCC_WARN_ABOUT_RETURN_TYPE = YES_ERROR;
				GCC_WARN_UNDECLARED_SELECTOR = YES;
				GCC_WARN_UNINITIALIZED_AUTOS = YES_AGGRESSIVE;
				GCC_WARN_UNUSED_FUNCTION = YES;
				GCC_WARN_UNUSED_VARIABLE = YES;
				IPHONEOS_DEPLOYMENT_TARGET = 11.0;
				MTL_ENABLE_DEBUG_INFO = YES;
				ONLY_ACTIVE_ARCH = YES;
				SDKROOT = iphoneos;
				SWIFT_ACTIVE_COMPILATION_CONDITIONS = DEBUG;
				SWIFT_OPTIMIZATION_LEVEL = "-Onone";
			};
			name = Debug;
		};
		2A9AFA571F4F4DC600B86F49 /* Release */ = {
			isa = XCBuildConfiguration;
			buildSettings = {
				ALWAYS_SEARCH_USER_PATHS = NO;
				CLANG_ANALYZER_NONNULL = YES;
				CLANG_ANALYZER_NUMBER_OBJECT_CONVERSION = YES_AGGRESSIVE;
				CLANG_CXX_LANGUAGE_STANDARD = "gnu++0x";
				CLANG_CXX_LIBRARY = "libc++";
				CLANG_ENABLE_MODULES = YES;
				CLANG_ENABLE_OBJC_ARC = YES;
				CLANG_WARN_BLOCK_CAPTURE_AUTORELEASING = YES;
				CLANG_WARN_BOOL_CONVERSION = YES;
				CLANG_WARN_COMMA = YES;
				CLANG_WARN_CONSTANT_CONVERSION = YES;
				CLANG_WARN_DIRECT_OBJC_ISA_USAGE = YES_ERROR;
				CLANG_WARN_DOCUMENTATION_COMMENTS = YES;
				CLANG_WARN_EMPTY_BODY = YES;
				CLANG_WARN_ENUM_CONVERSION = YES;
				CLANG_WARN_INFINITE_RECURSION = YES;
				CLANG_WARN_INT_CONVERSION = YES;
				CLANG_WARN_NON_LITERAL_NULL_CONVERSION = YES;
				CLANG_WARN_OBJC_LITERAL_CONVERSION = YES;
				CLANG_WARN_OBJC_ROOT_CLASS = YES_ERROR;
				CLANG_WARN_RANGE_LOOP_ANALYSIS = YES;
				CLANG_WARN_STRICT_PROTOTYPES = YES;
				CLANG_WARN_SUSPICIOUS_MOVE = YES;
				CLANG_WARN_UNREACHABLE_CODE = YES;
				CLANG_WARN__DUPLICATE_METHOD_MATCH = YES;
				"CODE_SIGN_IDENTITY[sdk=iphoneos*]" = "iPhone Developer";
				COPY_PHASE_STRIP = NO;
				DEBUG_INFORMATION_FORMAT = "dwarf-with-dsym";
				ENABLE_NS_ASSERTIONS = NO;
				ENABLE_STRICT_OBJC_MSGSEND = YES;
				GCC_C_LANGUAGE_STANDARD = gnu99;
				GCC_NO_COMMON_BLOCKS = YES;
				GCC_WARN_64_TO_32_BIT_CONVERSION = YES;
				GCC_WARN_ABOUT_RETURN_TYPE = YES_ERROR;
				GCC_WARN_UNDECLARED_SELECTOR = YES;
				GCC_WARN_UNINITIALIZED_AUTOS = YES_AGGRESSIVE;
				GCC_WARN_UNUSED_FUNCTION = YES;
				GCC_WARN_UNUSED_VARIABLE = YES;
				IPHONEOS_DEPLOYMENT_TARGET = 11.0;
				MTL_ENABLE_DEBUG_INFO = NO;
				SDKROOT = iphoneos;
				SWIFT_OPTIMIZATION_LEVEL = "-Owholemodule";
				VALIDATE_PRODUCT = YES;
			};
			name = Release;
		};
		2A9AFA591F4F4DC600B86F49 /* Debug */ = {
			isa = XCBuildConfiguration;
			baseConfigurationReference = 57F0175D7FE62023A86E28FC /* Pods-Telepic.debug.xcconfig */;
			buildSettings = {
				ASSETCATALOG_COMPILER_APPICON_NAME = AppIcon;
				CODE_SIGN_ENTITLEMENTS = Telepic/Telepic.entitlements;
				CODE_SIGN_IDENTITY = "iPhone Developer";
				DEVELOPMENT_TEAM = 88M8AT4J5D;
				FRAMEWORK_SEARCH_PATHS = (
					"$(inherited)",
					"$(PROJECT_DIR)",
				);
				INFOPLIST_FILE = Telepic/Info.plist;
				IPHONEOS_DEPLOYMENT_TARGET = 11.0;
				LD_RUNPATH_SEARCH_PATHS = "$(inherited) @executable_path/Frameworks";
				PRODUCT_BUNDLE_IDENTIFIER = com.TelepicLLC.Telepic;
				PRODUCT_NAME = "$(TARGET_NAME)";
				SWIFT_OBJC_BRIDGING_HEADER = "./Telepic/Telepic-BridgingHeader.h";
				SWIFT_SWIFT3_OBJC_INFERENCE = Default;
				SWIFT_VERSION = 4.0;
			};
			name = Debug;
		};
		2A9AFA5A1F4F4DC600B86F49 /* Release */ = {
			isa = XCBuildConfiguration;
			baseConfigurationReference = 853CCFC10405AAC95016F671 /* Pods-Telepic.release.xcconfig */;
			buildSettings = {
				ASSETCATALOG_COMPILER_APPICON_NAME = AppIcon;
				CODE_SIGN_ENTITLEMENTS = Telepic/Telepic.entitlements;
				CODE_SIGN_IDENTITY = "iPhone Developer";
				DEVELOPMENT_TEAM = 88M8AT4J5D;
				FRAMEWORK_SEARCH_PATHS = (
					"$(inherited)",
					"$(PROJECT_DIR)",
				);
				INFOPLIST_FILE = Telepic/Info.plist;
				IPHONEOS_DEPLOYMENT_TARGET = 11.0;
				LD_RUNPATH_SEARCH_PATHS = "$(inherited) @executable_path/Frameworks";
				PRODUCT_BUNDLE_IDENTIFIER = com.TelepicLLC.Telepic;
				PRODUCT_NAME = "$(TARGET_NAME)";
				SWIFT_OBJC_BRIDGING_HEADER = "./Telepic/Telepic-BridgingHeader.h";
				SWIFT_SWIFT3_OBJC_INFERENCE = Default;
				SWIFT_VERSION = 4.0;
			};
			name = Release;
		};
/* End XCBuildConfiguration section */

/* Begin XCConfigurationList section */
		2A9AFA411F4F4DC600B86F49 /* Build configuration list for PBXProject "Telepic" */ = {
			isa = XCConfigurationList;
			buildConfigurations = (
				2A9AFA561F4F4DC600B86F49 /* Debug */,
				2A9AFA571F4F4DC600B86F49 /* Release */,
			);
			defaultConfigurationIsVisible = 0;
			defaultConfigurationName = Release;
		};
		2A9AFA581F4F4DC600B86F49 /* Build configuration list for PBXNativeTarget "Telepic" */ = {
			isa = XCConfigurationList;
			buildConfigurations = (
				2A9AFA591F4F4DC600B86F49 /* Debug */,
				2A9AFA5A1F4F4DC600B86F49 /* Release */,
			);
			defaultConfigurationIsVisible = 0;
			defaultConfigurationName = Release;
		};
/* End XCConfigurationList section */
	};
	rootObject = 2A9AFA3E1F4F4DC600B86F49 /* Project object */;
}
